{
  "originHash" : "bd69ebc87983b8c236d46a5cb4e9ef799df60ef2f230267921a7a7f7a541cb48",
  "pins" : [
    {
      "identity" : "defaults",
      "kind" : "remoteSourceControl",
      "location" : "https://github.com/sindresorhus/Defaults.git",
      "state" : {
        "branch" : "main",
        "revision" : "4c009d5c2496e7aa126e922c94dd3d6ae049efa2"
      }
    },
    {
      "identity" : "lemonviews",
      "kind" : "remoteSourceControl",
      "location" : "https://github.com/ailu2533/LemonViews.git",
      "state" : {
        "branch" : "main",
        "revision" : "167ac0e65502c8c4f34abf071de8a387a30ce289"
      }
    },
    {
      "identity" : "purchases-ios",
      "kind" : "remoteSourceControl",
      "location" : "https://github.com/RevenueCat/purchases-ios.git",
      "state" : {
        "revision" : "4c0006aec5994bee99a5e4c9b91043d7a920b110",
        "version" : "5.3.0"
      }
    },
    {
      "identity" : "subsonic",
      "kind" : "remoteSourceControl",
      "location" : "https://github.com/twostraws/Subsonic.git",
      "state" : {
        "revision" : "156c5742279df5d2315e29534a2410f418c8a772",
        "version" : "0.2.0"
      }
    },
    {
      "identity" : "swiftuix",
      "kind" : "remoteSourceControl",
      "location" : "https://github.com/SwiftUIX/SwiftUIX",
      "state" : {
        "revision" : "cdc902f828e8c457f601e744cc7607148dcdb91a",
        "version" : "0.2.2"
      }
    }
  ],
  "version" : 3
}
