{
  "originHash" : "0bddbc05b3ad7a9bce46d03e14f0eac17cba6bbb7f3bbb4ac7e2e37d421037f9",
  "pins" : [
    {
      "identity" : "defaults",
      "kind" : "remoteSourceControl",
      "location" : "https://github.com/sindresorhus/Defaults.git",
      "state" : {
        "branch" : "main",
        "revision" : "4c009d5c2496e7aa126e922c94dd3d6ae049efa2"
      }
    },
    {
      "identity" : "lemonviews",
      "kind" : "remoteSourceControl",
      "location" : "https://github.com/ailu2533/LemonViews.git",
      "state" : {
        "branch" : "main",
        "revision" : "a9f7f0fb23278b5482ecb6938fbddc6a42629863"
      }
    },
    {
      "identity" : "subsonic",
      "kind" : "remoteSourceControl",
      "location" : "https://github.com/twostraws/Subsonic.git",
      "state" : {
        "revision" : "156c5742279df5d2315e29534a2410f418c8a772",
        "version" : "0.2.0"
      }
    },
    {
      "identity" : "swiftuix",
      "kind" : "remoteSourceControl",
      "location" : "https://github.com/SwiftUIX/SwiftUIX",
      "state" : {
        "revision" : "cdc902f828e8c457f601e744cc7607148dcdb91a",
        "version" : "0.2.2"
      }
    }
  ],
  "version" : 3
}
