// !$*UTF8*$!
{
	archiveVersion = 1;
	classes = {
	};
	objectVersion = 60;
	objects = {

/* Begin PBXBuildFile section */
		271DE9692BD92872005C6405 /* LemonUtils in Frameworks */ = {isa = PBXBuildFile; productRef = 271DE9682BD92872005C6405 /* LemonUtils */; };
		271DE96B2BD93549005C6405 /* DecisionListItem.swift in Sources */ = {isa = PBXBuildFile; fileRef = 271DE96A2BD93549005C6405 /* DecisionListItem.swift */; };
		273ADCF32C13F4FE006AC677 /* ViewModel.swift in Sources */ = {isa = PBXBuildFile; fileRef = 273ADCF22C13F4FE006AC677 /* ViewModel.swift */; };
		273ADCF62C1409CE006AC677 /* Logging.swift in Sources */ = {isa = PBXBuildFile; fileRef = 273ADCF52C1409CE006AC677 /* Logging.swift */; };
		273ADCF92C141193006AC677 /* ChoiceEditView.swift in Sources */ = {isa = PBXBuildFile; fileRef = 273ADCF82C141193006AC677 /* ChoiceEditView.swift */; };
		273ADCFB2C1411A6006AC677 /* ChoiceAddView.swift in Sources */ = {isa = PBXBuildFile; fileRef = 273ADCFA2C1411A6006AC677 /* ChoiceAddView.swift */; };
		273ADCFD2C141AEB006AC677 /* CommonEditView.swift in Sources */ = {isa = PBXBuildFile; fileRef = 273ADCFC2C141AEB006AC677 /* CommonEditView.swift */; };
		273ADCFF2C144C6C006AC677 /* FirstView.swift in Sources */ = {isa = PBXBuildFile; fileRef = 273ADCFE2C144C6C006AC677 /* FirstView.swift */; };
		273ADD0D2C153092006AC677 /* HistoryView.swift in Sources */ = {isa = PBXBuildFile; fileRef = 273ADD0C2C153092006AC677 /* HistoryView.swift */; };
		273ADD0F2C1530BB006AC677 /* DecisionList.swift in Sources */ = {isa = PBXBuildFile; fileRef = 273ADD0E2C1530BB006AC677 /* DecisionList.swift */; };
		273ADD112C153431006AC677 /* SettingsView.swift in Sources */ = {isa = PBXBuildFile; fileRef = 273ADD102C153431006AC677 /* SettingsView.swift */; };
		2754AA042BC3D188000073FB /* PieDecision.swift in Sources */ = {isa = PBXBuildFile; fileRef = 2754AA032BC3D188000073FB /* PieDecision.swift */; };
		2754AA062BC3D1BD000073FB /* PointerShape.swift in Sources */ = {isa = PBXBuildFile; fileRef = 2754AA052BC3D1BD000073FB /* PointerShape.swift */; };
		2754AA082BC3DB26000073FB /* DecisionManagementView.swift in Sources */ = {isa = PBXBuildFile; fileRef = 2754AA072BC3DB26000073FB /* DecisionManagementView.swift */; };
		2754AA0A2BC3DCB8000073FB /* ModelUtil.swift in Sources */ = {isa = PBXBuildFile; fileRef = 2754AA092BC3DCB8000073FB /* ModelUtil.swift */; };
		2754AA0C2BC3DCEB000073FB /* CommonPreview.swift in Sources */ = {isa = PBXBuildFile; fileRef = 2754AA0B2BC3DCEB000073FB /* CommonPreview.swift */; };
		2754AA0E2BC3DD32000073FB /* DecisionViewModel.swift in Sources */ = {isa = PBXBuildFile; fileRef = 2754AA0D2BC3DD32000073FB /* DecisionViewModel.swift */; };
		2754AA102BC6CA37000073FB /* MainView.swift in Sources */ = {isa = PBXBuildFile; fileRef = 2754AA0F2BC6CA37000073FB /* MainView.swift */; };
		27DB357E2BCCD73000019054 /* DecisionListView.swift in Sources */ = {isa = PBXBuildFile; fileRef = 27DB357D2BCCD73000019054 /* DecisionListView.swift */; };
		27FCEFA72BBC6DAF002518E0 /* LittleDecisionApp.swift in Sources */ = {isa = PBXBuildFile; fileRef = 27FCEFA62BBC6DAF002518E0 /* LittleDecisionApp.swift */; };
		27FCEFA92BBC6DAF002518E0 /* ContentView.swift in Sources */ = {isa = PBXBuildFile; fileRef = 27FCEFA82BBC6DAF002518E0 /* ContentView.swift */; };
		27FCEFAB2BBC6DAF002518E0 /* Item.swift in Sources */ = {isa = PBXBuildFile; fileRef = 27FCEFAA2BBC6DAF002518E0 /* Item.swift */; };
		27FCEFAD2BBC6DB0002518E0 /* Assets.xcassets in Resources */ = {isa = PBXBuildFile; fileRef = 27FCEFAC2BBC6DB0002518E0 /* Assets.xcassets */; };
		27FCEFB02BBC6DB0002518E0 /* Preview Assets.xcassets in Resources */ = {isa = PBXBuildFile; fileRef = 27FCEFAF2BBC6DB0002518E0 /* Preview Assets.xcassets */; };
		27FCEFBA2BBC6DB0002518E0 /* LittleDecisionTests.swift in Sources */ = {isa = PBXBuildFile; fileRef = 27FCEFB92BBC6DB0002518E0 /* LittleDecisionTests.swift */; };
		27FCEFC42BBC6DB1002518E0 /* LittleDecisionUITests.swift in Sources */ = {isa = PBXBuildFile; fileRef = 27FCEFC32BBC6DB1002518E0 /* LittleDecisionUITests.swift */; };
		27FCEFC62BBC6DB1002518E0 /* LittleDecisionUITestsLaunchTests.swift in Sources */ = {isa = PBXBuildFile; fileRef = 27FCEFC52BBC6DB1002518E0 /* LittleDecisionUITestsLaunchTests.swift */; };
		27FCEFD32BBC6DF4002518E0 /* Model.swift in Sources */ = {isa = PBXBuildFile; fileRef = 27FCEFD22BBC6DF4002518E0 /* Model.swift */; };
/* End PBXBuildFile section */

/* Begin PBXContainerItemProxy section */
		27FCEFB62BBC6DB0002518E0 /* PBXContainerItemProxy */ = {
			isa = PBXContainerItemProxy;
			containerPortal = 27FCEF9B2BBC6DAF002518E0 /* Project object */;
			proxyType = 1;
			remoteGlobalIDString = 27FCEFA22BBC6DAF002518E0;
			remoteInfo = LittleDecision;
		};
		27FCEFC02BBC6DB1002518E0 /* PBXContainerItemProxy */ = {
			isa = PBXContainerItemProxy;
			containerPortal = 27FCEF9B2BBC6DAF002518E0 /* Project object */;
			proxyType = 1;
			remoteGlobalIDString = 27FCEFA22BBC6DAF002518E0;
			remoteInfo = LittleDecision;
		};
/* End PBXContainerItemProxy section */

/* Begin PBXFileReference section */
		271DE96A2BD93549005C6405 /* DecisionListItem.swift */ = {isa = PBXFileReference; lastKnownFileType = sourcecode.swift; path = DecisionListItem.swift; sourceTree = "<group>"; };
		273ADCF22C13F4FE006AC677 /* ViewModel.swift */ = {isa = PBXFileReference; lastKnownFileType = sourcecode.swift; path = ViewModel.swift; sourceTree = "<group>"; };
		273ADCF52C1409CE006AC677 /* Logging.swift */ = {isa = PBXFileReference; lastKnownFileType = sourcecode.swift; path = Logging.swift; sourceTree = "<group>"; };
		273ADCF82C141193006AC677 /* ChoiceEditView.swift */ = {isa = PBXFileReference; lastKnownFileType = sourcecode.swift; path = ChoiceEditView.swift; sourceTree = "<group>"; };
		273ADCFA2C1411A6006AC677 /* ChoiceAddView.swift */ = {isa = PBXFileReference; lastKnownFileType = sourcecode.swift; path = ChoiceAddView.swift; sourceTree = "<group>"; };
		273ADCFC2C141AEB006AC677 /* CommonEditView.swift */ = {isa = PBXFileReference; lastKnownFileType = sourcecode.swift; path = CommonEditView.swift; sourceTree = "<group>"; };
		273ADCFE2C144C6C006AC677 /* FirstView.swift */ = {isa = PBXFileReference; lastKnownFileType = sourcecode.swift; path = FirstView.swift; sourceTree = "<group>"; };
		273ADD0C2C153092006AC677 /* HistoryView.swift */ = {isa = PBXFileReference; lastKnownFileType = sourcecode.swift; path = HistoryView.swift; sourceTree = "<group>"; };
		273ADD0E2C1530BB006AC677 /* DecisionList.swift */ = {isa = PBXFileReference; lastKnownFileType = sourcecode.swift; path = DecisionList.swift; sourceTree = "<group>"; };
		273ADD102C153431006AC677 /* SettingsView.swift */ = {isa = PBXFileReference; lastKnownFileType = sourcecode.swift; path = SettingsView.swift; sourceTree = "<group>"; };
		2754AA032BC3D188000073FB /* PieDecision.swift */ = {isa = PBXFileReference; lastKnownFileType = sourcecode.swift; path = PieDecision.swift; sourceTree = "<group>"; };
		2754AA052BC3D1BD000073FB /* PointerShape.swift */ = {isa = PBXFileReference; lastKnownFileType = sourcecode.swift; path = PointerShape.swift; sourceTree = "<group>"; };
		2754AA072BC3DB26000073FB /* DecisionManagementView.swift */ = {isa = PBXFileReference; lastKnownFileType = sourcecode.swift; path = DecisionManagementView.swift; sourceTree = "<group>"; };
		2754AA092BC3DCB8000073FB /* ModelUtil.swift */ = {isa = PBXFileReference; fileEncoding = 4; lastKnownFileType = sourcecode.swift; path = ModelUtil.swift; sourceTree = "<group>"; };
		2754AA0B2BC3DCEB000073FB /* CommonPreview.swift */ = {isa = PBXFileReference; fileEncoding = 4; lastKnownFileType = sourcecode.swift; path = CommonPreview.swift; sourceTree = "<group>"; };
		2754AA0D2BC3DD32000073FB /* DecisionViewModel.swift */ = {isa = PBXFileReference; lastKnownFileType = sourcecode.swift; path = DecisionViewModel.swift; sourceTree = "<group>"; };
		2754AA0F2BC6CA37000073FB /* MainView.swift */ = {isa = PBXFileReference; lastKnownFileType = sourcecode.swift; path = MainView.swift; sourceTree = "<group>"; };
		27DB357D2BCCD73000019054 /* DecisionListView.swift */ = {isa = PBXFileReference; lastKnownFileType = sourcecode.swift; path = DecisionListView.swift; sourceTree = "<group>"; };
		27FCEFA32BBC6DAF002518E0 /* LittleDecision.app */ = {isa = PBXFileReference; explicitFileType = wrapper.application; includeInIndex = 0; path = LittleDecision.app; sourceTree = BUILT_PRODUCTS_DIR; };
		27FCEFA62BBC6DAF002518E0 /* LittleDecisionApp.swift */ = {isa = PBXFileReference; lastKnownFileType = sourcecode.swift; path = LittleDecisionApp.swift; sourceTree = "<group>"; };
		27FCEFA82BBC6DAF002518E0 /* ContentView.swift */ = {isa = PBXFileReference; lastKnownFileType = sourcecode.swift; path = ContentView.swift; sourceTree = "<group>"; };
		27FCEFAA2BBC6DAF002518E0 /* Item.swift */ = {isa = PBXFileReference; lastKnownFileType = sourcecode.swift; path = Item.swift; sourceTree = "<group>"; };
		27FCEFAC2BBC6DB0002518E0 /* Assets.xcassets */ = {isa = PBXFileReference; lastKnownFileType = folder.assetcatalog; path = Assets.xcassets; sourceTree = "<group>"; };
		27FCEFAF2BBC6DB0002518E0 /* Preview Assets.xcassets */ = {isa = PBXFileReference; lastKnownFileType = folder.assetcatalog; path = "Preview Assets.xcassets"; sourceTree = "<group>"; };
		27FCEFB52BBC6DB0002518E0 /* LittleDecisionTests.xctest */ = {isa = PBXFileReference; explicitFileType = wrapper.cfbundle; includeInIndex = 0; path = LittleDecisionTests.xctest; sourceTree = BUILT_PRODUCTS_DIR; };
		27FCEFB92BBC6DB0002518E0 /* LittleDecisionTests.swift */ = {isa = PBXFileReference; lastKnownFileType = sourcecode.swift; path = LittleDecisionTests.swift; sourceTree = "<group>"; };
		27FCEFBF2BBC6DB1002518E0 /* LittleDecisionUITests.xctest */ = {isa = PBXFileReference; explicitFileType = wrapper.cfbundle; includeInIndex = 0; path = LittleDecisionUITests.xctest; sourceTree = BUILT_PRODUCTS_DIR; };
		27FCEFC32BBC6DB1002518E0 /* LittleDecisionUITests.swift */ = {isa = PBXFileReference; lastKnownFileType = sourcecode.swift; path = LittleDecisionUITests.swift; sourceTree = "<group>"; };
		27FCEFC52BBC6DB1002518E0 /* LittleDecisionUITestsLaunchTests.swift */ = {isa = PBXFileReference; lastKnownFileType = sourcecode.swift; path = LittleDecisionUITestsLaunchTests.swift; sourceTree = "<group>"; };
		27FCEFD22BBC6DF4002518E0 /* Model.swift */ = {isa = PBXFileReference; lastKnownFileType = sourcecode.swift; path = Model.swift; sourceTree = "<group>"; };
/* End PBXFileReference section */

/* Begin PBXFrameworksBuildPhase section */
		27FCEFA02BBC6DAF002518E0 /* Frameworks */ = {
			isa = PBXFrameworksBuildPhase;
			buildActionMask = 2147483647;
			files = (
				271DE9692BD92872005C6405 /* LemonUtils in Frameworks */,
			);
			runOnlyForDeploymentPostprocessing = 0;
		};
		27FCEFB22BBC6DB0002518E0 /* Frameworks */ = {
			isa = PBXFrameworksBuildPhase;
			buildActionMask = 2147483647;
			files = (
			);
			runOnlyForDeploymentPostprocessing = 0;
		};
		27FCEFBC2BBC6DB1002518E0 /* Frameworks */ = {
			isa = PBXFrameworksBuildPhase;
			buildActionMask = 2147483647;
			files = (
			);
			runOnlyForDeploymentPostprocessing = 0;
		};
/* End PBXFrameworksBuildPhase section */

/* Begin PBXGroup section */
		273ADCF12C13F4C8006AC677 /* Model */ = {
			isa = PBXGroup;
			children = (
				27FCEFD22BBC6DF4002518E0 /* Model.swift */,
				273ADCF22C13F4FE006AC677 /* ViewModel.swift */,
			);
			path = Model;
			sourceTree = "<group>";
		};
		273ADCF42C1409AC006AC677 /* Utils */ = {
			isa = PBXGroup;
			children = (
				273ADCF52C1409CE006AC677 /* Logging.swift */,
			);
			path = Utils;
			sourceTree = "<group>";
		};
		273ADCF72C14116F006AC677 /* EditView */ = {
			isa = PBXGroup;
			children = (
				2754AA072BC3DB26000073FB /* DecisionManagementView.swift */,
				273ADCF82C141193006AC677 /* ChoiceEditView.swift */,
				273ADCFA2C1411A6006AC677 /* ChoiceAddView.swift */,
				273ADCFC2C141AEB006AC677 /* CommonEditView.swift */,
			);
			path = EditView;
			sourceTree = "<group>";
		};
		2754AA022BC3D0C6000073FB /* View */ = {
			isa = PBXGroup;
			children = (
				273ADCF72C14116F006AC677 /* EditView */,
				2754AA032BC3D188000073FB /* PieDecision.swift */,
				2754AA092BC3DCB8000073FB /* ModelUtil.swift */,
				2754AA0B2BC3DCEB000073FB /* CommonPreview.swift */,
				2754AA052BC3D1BD000073FB /* PointerShape.swift */,
				2754AA0F2BC6CA37000073FB /* MainView.swift */,
				27DB357D2BCCD73000019054 /* DecisionListView.swift */,
				271DE96A2BD93549005C6405 /* DecisionListItem.swift */,
				273ADCFE2C144C6C006AC677 /* FirstView.swift */,
				273ADD0C2C153092006AC677 /* HistoryView.swift */,
				273ADD0E2C1530BB006AC677 /* DecisionList.swift */,
				273ADD102C153431006AC677 /* SettingsView.swift */,
			);
			path = View;
			sourceTree = "<group>";
		};
		27FCEF9A2BBC6DAF002518E0 = {
			isa = PBXGroup;
			children = (
				27FCEFA52BBC6DAF002518E0 /* LittleDecision */,
				27FCEFB82BBC6DB0002518E0 /* LittleDecisionTests */,
				27FCEFC22BBC6DB1002518E0 /* LittleDecisionUITests */,
				27FCEFA42BBC6DAF002518E0 /* Products */,
			);
			sourceTree = "<group>";
		};
		27FCEFA42BBC6DAF002518E0 /* Products */ = {
			isa = PBXGroup;
			children = (
				27FCEFA32BBC6DAF002518E0 /* LittleDecision.app */,
				27FCEFB52BBC6DB0002518E0 /* LittleDecisionTests.xctest */,
				27FCEFBF2BBC6DB1002518E0 /* LittleDecisionUITests.xctest */,
			);
			name = Products;
			sourceTree = "<group>";
		};
		27FCEFA52BBC6DAF002518E0 /* LittleDecision */ = {
			isa = PBXGroup;
			children = (
				273ADCF42C1409AC006AC677 /* Utils */,
				273ADCF12C13F4C8006AC677 /* Model */,
				2754AA022BC3D0C6000073FB /* View */,
				27FCEFA62BBC6DAF002518E0 /* LittleDecisionApp.swift */,
				27FCEFA82BBC6DAF002518E0 /* ContentView.swift */,
				27FCEFAA2BBC6DAF002518E0 /* Item.swift */,
				27FCEFAC2BBC6DB0002518E0 /* Assets.xcassets */,
				27FCEFAE2BBC6DB0002518E0 /* Preview Content */,
				2754AA0D2BC3DD32000073FB /* DecisionViewModel.swift */,
			);
			path = LittleDecision;
			sourceTree = "<group>";
		};
		27FCEFAE2BBC6DB0002518E0 /* Preview Content */ = {
			isa = PBXGroup;
			children = (
				27FCEFAF2BBC6DB0002518E0 /* Preview Assets.xcassets */,
			);
			path = "Preview Content";
			sourceTree = "<group>";
		};
		27FCEFB82BBC6DB0002518E0 /* LittleDecisionTests */ = {
			isa = PBXGroup;
			children = (
				27FCEFB92BBC6DB0002518E0 /* LittleDecisionTests.swift */,
			);
			path = LittleDecisionTests;
			sourceTree = "<group>";
		};
		27FCEFC22BBC6DB1002518E0 /* LittleDecisionUITests */ = {
			isa = PBXGroup;
			children = (
				27FCEFC32BBC6DB1002518E0 /* LittleDecisionUITests.swift */,
				27FCEFC52BBC6DB1002518E0 /* LittleDecisionUITestsLaunchTests.swift */,
			);
			path = LittleDecisionUITests;
			sourceTree = "<group>";
		};
/* End PBXGroup section */

/* Begin PBXNativeTarget section */
		27FCEFA22BBC6DAF002518E0 /* LittleDecision */ = {
			isa = PBXNativeTarget;
			buildConfigurationList = 27FCEFC92BBC6DB1002518E0 /* Build configuration list for PBXNativeTarget "LittleDecision" */;
			buildPhases = (
				27FCEF9F2BBC6DAF002518E0 /* Sources */,
				27FCEFA02BBC6DAF002518E0 /* Frameworks */,
				27FCEFA12BBC6DAF002518E0 /* Resources */,
			);
			buildRules = (
			);
			dependencies = (
			);
			name = LittleDecision;
			packageProductDependencies = (
				271DE9682BD92872005C6405 /* LemonUtils */,
			);
			productName = LittleDecision;
			productReference = 27FCEFA32BBC6DAF002518E0 /* LittleDecision.app */;
			productType = "com.apple.product-type.application";
		};
		27FCEFB42BBC6DB0002518E0 /* LittleDecisionTests */ = {
			isa = PBXNativeTarget;
			buildConfigurationList = 27FCEFCC2BBC6DB1002518E0 /* Build configuration list for PBXNativeTarget "LittleDecisionTests" */;
			buildPhases = (
				27FCEFB12BBC6DB0002518E0 /* Sources */,
				27FCEFB22BBC6DB0002518E0 /* Frameworks */,
				27FCEFB32BBC6DB0002518E0 /* Resources */,
			);
			buildRules = (
			);
			dependencies = (
				27FCEFB72BBC6DB0002518E0 /* PBXTargetDependency */,
			);
			name = LittleDecisionTests;
			productName = LittleDecisionTests;
			productReference = 27FCEFB52BBC6DB0002518E0 /* LittleDecisionTests.xctest */;
			productType = "com.apple.product-type.bundle.unit-test";
		};
		27FCEFBE2BBC6DB1002518E0 /* LittleDecisionUITests */ = {
			isa = PBXNativeTarget;
			buildConfigurationList = 27FCEFCF2BBC6DB1002518E0 /* Build configuration list for PBXNativeTarget "LittleDecisionUITests" */;
			buildPhases = (
				27FCEFBB2BBC6DB1002518E0 /* Sources */,
				27FCEFBC2BBC6DB1002518E0 /* Frameworks */,
				27FCEFBD2BBC6DB1002518E0 /* Resources */,
			);
			buildRules = (
			);
			dependencies = (
				27FCEFC12BBC6DB1002518E0 /* PBXTargetDependency */,
			);
			name = LittleDecisionUITests;
			productName = LittleDecisionUITests;
			productReference = 27FCEFBF2BBC6DB1002518E0 /* LittleDecisionUITests.xctest */;
			productType = "com.apple.product-type.bundle.ui-testing";
		};
/* End PBXNativeTarget section */

/* Begin PBXProject section */
		27FCEF9B2BBC6DAF002518E0 /* Project object */ = {
			isa = PBXProject;
			attributes = {
				BuildIndependentTargetsInParallel = 1;
				LastSwiftUpdateCheck = 1530;
				LastUpgradeCheck = 1530;
				TargetAttributes = {
					27FCEFA22BBC6DAF002518E0 = {
						CreatedOnToolsVersion = 15.3;
					};
					27FCEFB42BBC6DB0002518E0 = {
						CreatedOnToolsVersion = 15.3;
						TestTargetID = 27FCEFA22BBC6DAF002518E0;
					};
					27FCEFBE2BBC6DB1002518E0 = {
						CreatedOnToolsVersion = 15.3;
						TestTargetID = 27FCEFA22BBC6DAF002518E0;
					};
				};
			};
			buildConfigurationList = 27FCEF9E2BBC6DAF002518E0 /* Build configuration list for PBXProject "LittleDecision" */;
			compatibilityVersion = "Xcode 14.0";
			developmentRegion = en;
			hasScannedForEncodings = 0;
			knownRegions = (
				en,
				Base,
			);
			mainGroup = 27FCEF9A2BBC6DAF002518E0;
			packageReferences = (
				271DE9672BD92872005C6405 /* XCLocalSwiftPackageReference "../LemonUtils" */,
			);
			productRefGroup = 27FCEFA42BBC6DAF002518E0 /* Products */;
			projectDirPath = "";
			projectRoot = "";
			targets = (
				27FCEFA22BBC6DAF002518E0 /* LittleDecision */,
				27FCEFB42BBC6DB0002518E0 /* LittleDecisionTests */,
				27FCEFBE2BBC6DB1002518E0 /* LittleDecisionUITests */,
			);
		};
/* End PBXProject section */

/* Begin PBXResourcesBuildPhase section */
		27FCEFA12BBC6DAF002518E0 /* Resources */ = {
			isa = PBXResourcesBuildPhase;
			buildActionMask = 2147483647;
			files = (
				27FCEFB02BBC6DB0002518E0 /* Preview Assets.xcassets in Resources */,
				27FCEFAD2BBC6DB0002518E0 /* Assets.xcassets in Resources */,
			);
			runOnlyForDeploymentPostprocessing = 0;
		};
		27FCEFB32BBC6DB0002518E0 /* Resources */ = {
			isa = PBXResourcesBuildPhase;
			buildActionMask = 2147483647;
			files = (
			);
			runOnlyForDeploymentPostprocessing = 0;
		};
		27FCEFBD2BBC6DB1002518E0 /* Resources */ = {
			isa = PBXResourcesBuildPhase;
			buildActionMask = 2147483647;
			files = (
			);
			runOnlyForDeploymentPostprocessing = 0;
		};
/* End PBXResourcesBuildPhase section */

/* Begin PBXSourcesBuildPhase section */
		27FCEF9F2BBC6DAF002518E0 /* Sources */ = {
			isa = PBXSourcesBuildPhase;
			buildActionMask = 2147483647;
			files = (
				2754AA0E2BC3DD32000073FB /* DecisionViewModel.swift in Sources */,
				273ADCF62C1409CE006AC677 /* Logging.swift in Sources */,
				2754AA0C2BC3DCEB000073FB /* CommonPreview.swift in Sources */,
				27FCEFA92BBC6DAF002518E0 /* ContentView.swift in Sources */,
				2754AA0A2BC3DCB8000073FB /* ModelUtil.swift in Sources */,
				2754AA062BC3D1BD000073FB /* PointerShape.swift in Sources */,
				2754AA082BC3DB26000073FB /* DecisionManagementView.swift in Sources */,
				273ADCFF2C144C6C006AC677 /* FirstView.swift in Sources */,
				273ADCF32C13F4FE006AC677 /* ViewModel.swift in Sources */,
				271DE96B2BD93549005C6405 /* DecisionListItem.swift in Sources */,
				273ADCFD2C141AEB006AC677 /* CommonEditView.swift in Sources */,
				273ADD0F2C1530BB006AC677 /* DecisionList.swift in Sources */,
				27FCEFAB2BBC6DAF002518E0 /* Item.swift in Sources */,
				2754AA102BC6CA37000073FB /* MainView.swift in Sources */,
				273ADCF92C141193006AC677 /* ChoiceEditView.swift in Sources */,
				27FCEFA72BBC6DAF002518E0 /* LittleDecisionApp.swift in Sources */,
				27FCEFD32BBC6DF4002518E0 /* Model.swift in Sources */,
				27DB357E2BCCD73000019054 /* DecisionListView.swift in Sources */,
				273ADD0D2C153092006AC677 /* HistoryView.swift in Sources */,
				2754AA042BC3D188000073FB /* PieDecision.swift in Sources */,
				273ADCFB2C1411A6006AC677 /* ChoiceAddView.swift in Sources */,
				273ADD112C153431006AC677 /* SettingsView.swift in Sources */,
			);
			runOnlyForDeploymentPostprocessing = 0;
		};
		27FCEFB12BBC6DB0002518E0 /* Sources */ = {
			isa = PBXSourcesBuildPhase;
			buildActionMask = 2147483647;
			files = (
				27FCEFBA2BBC6DB0002518E0 /* LittleDecisionTests.swift in Sources */,
			);
			runOnlyForDeploymentPostprocessing = 0;
		};
		27FCEFBB2BBC6DB1002518E0 /* Sources */ = {
			isa = PBXSourcesBuildPhase;
			buildActionMask = 2147483647;
			files = (
				27FCEFC62BBC6DB1002518E0 /* LittleDecisionUITestsLaunchTests.swift in Sources */,
				27FCEFC42BBC6DB1002518E0 /* LittleDecisionUITests.swift in Sources */,
			);
			runOnlyForDeploymentPostprocessing = 0;
		};
/* End PBXSourcesBuildPhase section */

/* Begin PBXTargetDependency section */
		27FCEFB72BBC6DB0002518E0 /* PBXTargetDependency */ = {
			isa = PBXTargetDependency;
			target = 27FCEFA22BBC6DAF002518E0 /* LittleDecision */;
			targetProxy = 27FCEFB62BBC6DB0002518E0 /* PBXContainerItemProxy */;
		};
		27FCEFC12BBC6DB1002518E0 /* PBXTargetDependency */ = {
			isa = PBXTargetDependency;
			target = 27FCEFA22BBC6DAF002518E0 /* LittleDecision */;
			targetProxy = 27FCEFC02BBC6DB1002518E0 /* PBXContainerItemProxy */;
		};
/* End PBXTargetDependency section */

/* Begin XCBuildConfiguration section */
		27FCEFC72BBC6DB1002518E0 /* Debug */ = {
			isa = XCBuildConfiguration;
			buildSettings = {
				ALWAYS_SEARCH_USER_PATHS = NO;
				ASSETCATALOG_COMPILER_GENERATE_SWIFT_ASSET_SYMBOL_EXTENSIONS = YES;
				CLANG_ANALYZER_NONNULL = YES;
				CLANG_ANALYZER_NUMBER_OBJECT_CONVERSION = YES_AGGRESSIVE;
				CLANG_CXX_LANGUAGE_STANDARD = "gnu++20";
				CLANG_ENABLE_MODULES = YES;
				CLANG_ENABLE_OBJC_ARC = YES;
				CLANG_ENABLE_OBJC_WEAK = YES;
				CLANG_WARN_BLOCK_CAPTURE_AUTORELEASING = YES;
				CLANG_WARN_BOOL_CONVERSION = YES;
				CLANG_WARN_COMMA = YES;
				CLANG_WARN_CONSTANT_CONVERSION = YES;
				CLANG_WARN_DEPRECATED_OBJC_IMPLEMENTATIONS = YES;
				CLANG_WARN_DIRECT_OBJC_ISA_USAGE = YES_ERROR;
				CLANG_WARN_DOCUMENTATION_COMMENTS = YES;
				CLANG_WARN_EMPTY_BODY = YES;
				CLANG_WARN_ENUM_CONVERSION = YES;
				CLANG_WARN_INFINITE_RECURSION = YES;
				CLANG_WARN_INT_CONVERSION = YES;
				CLANG_WARN_NON_LITERAL_NULL_CONVERSION = YES;
				CLANG_WARN_OBJC_IMPLICIT_RETAIN_SELF = YES;
				CLANG_WARN_OBJC_LITERAL_CONVERSION = YES;
				CLANG_WARN_OBJC_ROOT_CLASS = YES_ERROR;
				CLANG_WARN_QUOTED_INCLUDE_IN_FRAMEWORK_HEADER = YES;
				CLANG_WARN_RANGE_LOOP_ANALYSIS = YES;
				CLANG_WARN_STRICT_PROTOTYPES = YES;
				CLANG_WARN_SUSPICIOUS_MOVE = YES;
				CLANG_WARN_UNGUARDED_AVAILABILITY = YES_AGGRESSIVE;
				CLANG_WARN_UNREACHABLE_CODE = YES;
				CLANG_WARN__DUPLICATE_METHOD_MATCH = YES;
				COPY_PHASE_STRIP = NO;
				DEBUG_INFORMATION_FORMAT = dwarf;
				ENABLE_STRICT_OBJC_MSGSEND = YES;
				ENABLE_TESTABILITY = YES;
				ENABLE_USER_SCRIPT_SANDBOXING = YES;
				GCC_C_LANGUAGE_STANDARD = gnu17;
				GCC_DYNAMIC_NO_PIC = NO;
				GCC_NO_COMMON_BLOCKS = YES;
				GCC_OPTIMIZATION_LEVEL = 0;
				GCC_PREPROCESSOR_DEFINITIONS = (
					"DEBUG=1",
					"$(inherited)",
				);
				GCC_WARN_64_TO_32_BIT_CONVERSION = YES;
				GCC_WARN_ABOUT_RETURN_TYPE = YES_ERROR;
				GCC_WARN_UNDECLARED_SELECTOR = YES;
				GCC_WARN_UNINITIALIZED_AUTOS = YES_AGGRESSIVE;
				GCC_WARN_UNUSED_FUNCTION = YES;
				GCC_WARN_UNUSED_VARIABLE = YES;
				IPHONEOS_DEPLOYMENT_TARGET = 17.4;
				LOCALIZATION_PREFERS_STRING_CATALOGS = YES;
				MTL_ENABLE_DEBUG_INFO = INCLUDE_SOURCE;
				MTL_FAST_MATH = YES;
				ONLY_ACTIVE_ARCH = YES;
				SDKROOT = iphoneos;
				SWIFT_ACTIVE_COMPILATION_CONDITIONS = "DEBUG $(inherited)";
				SWIFT_OPTIMIZATION_LEVEL = "-Onone";
			};
			name = Debug;
		};
		27FCEFC82BBC6DB1002518E0 /* Release */ = {
			isa = XCBuildConfiguration;
			buildSettings = {
				ALWAYS_SEARCH_USER_PATHS = NO;
				ASSETCATALOG_COMPILER_GENERATE_SWIFT_ASSET_SYMBOL_EXTENSIONS = YES;
				CLANG_ANALYZER_NONNULL = YES;
				CLANG_ANALYZER_NUMBER_OBJECT_CONVERSION = YES_AGGRESSIVE;
				CLANG_CXX_LANGUAGE_STANDARD = "gnu++20";
				CLANG_ENABLE_MODULES = YES;
				CLANG_ENABLE_OBJC_ARC = YES;
				CLANG_ENABLE_OBJC_WEAK = YES;
				CLANG_WARN_BLOCK_CAPTURE_AUTORELEASING = YES;
				CLANG_WARN_BOOL_CONVERSION = YES;
				CLANG_WARN_COMMA = YES;
				CLANG_WARN_CONSTANT_CONVERSION = YES;
				CLANG_WARN_DEPRECATED_OBJC_IMPLEMENTATIONS = YES;
				CLANG_WARN_DIRECT_OBJC_ISA_USAGE = YES_ERROR;
				CLANG_WARN_DOCUMENTATION_COMMENTS = YES;
				CLANG_WARN_EMPTY_BODY = YES;
				CLANG_WARN_ENUM_CONVERSION = YES;
				CLANG_WARN_INFINITE_RECURSION = YES;
				CLANG_WARN_INT_CONVERSION = YES;
				CLANG_WARN_NON_LITERAL_NULL_CONVERSION = YES;
				CLANG_WARN_OBJC_IMPLICIT_RETAIN_SELF = YES;
				CLANG_WARN_OBJC_LITERAL_CONVERSION = YES;
				CLANG_WARN_OBJC_ROOT_CLASS = YES_ERROR;
				CLANG_WARN_QUOTED_INCLUDE_IN_FRAMEWORK_HEADER = YES;
				CLANG_WARN_RANGE_LOOP_ANALYSIS = YES;
				CLANG_WARN_STRICT_PROTOTYPES = YES;
				CLANG_WARN_SUSPICIOUS_MOVE = YES;
				CLANG_WARN_UNGUARDED_AVAILABILITY = YES_AGGRESSIVE;
				CLANG_WARN_UNREACHABLE_CODE = YES;
				CLANG_WARN__DUPLICATE_METHOD_MATCH = YES;
				COPY_PHASE_STRIP = NO;
				DEBUG_INFORMATION_FORMAT = "dwarf-with-dsym";
				ENABLE_NS_ASSERTIONS = NO;
				ENABLE_STRICT_OBJC_MSGSEND = YES;
				ENABLE_USER_SCRIPT_SANDBOXING = YES;
				GCC_C_LANGUAGE_STANDARD = gnu17;
				GCC_NO_COMMON_BLOCKS = YES;
				GCC_WARN_64_TO_32_BIT_CONVERSION = YES;
				GCC_WARN_ABOUT_RETURN_TYPE = YES_ERROR;
				GCC_WARN_UNDECLARED_SELECTOR = YES;
				GCC_WARN_UNINITIALIZED_AUTOS = YES_AGGRESSIVE;
				GCC_WARN_UNUSED_FUNCTION = YES;
				GCC_WARN_UNUSED_VARIABLE = YES;
				IPHONEOS_DEPLOYMENT_TARGET = 17.4;
				LOCALIZATION_PREFERS_STRING_CATALOGS = YES;
				MTL_ENABLE_DEBUG_INFO = NO;
				MTL_FAST_MATH = YES;
				SDKROOT = iphoneos;
				SWIFT_COMPILATION_MODE = wholemodule;
				VALIDATE_PRODUCT = YES;
			};
			name = Release;
		};
		27FCEFCA2BBC6DB1002518E0 /* Debug */ = {
			isa = XCBuildConfiguration;
			buildSettings = {
				ASSETCATALOG_COMPILER_APPICON_NAME = AppIcon;
				ASSETCATALOG_COMPILER_GLOBAL_ACCENT_COLOR_NAME = AccentColor;
				CODE_SIGN_STYLE = Automatic;
				CURRENT_PROJECT_VERSION = 1;
				DEVELOPMENT_ASSET_PATHS = "\"LittleDecision/Preview Content\"";
				DEVELOPMENT_TEAM = S3879FFC37;
				ENABLE_PREVIEWS = YES;
				GENERATE_INFOPLIST_FILE = YES;
				INFOPLIST_KEY_UIApplicationSceneManifest_Generation = YES;
				INFOPLIST_KEY_UIApplicationSupportsIndirectInputEvents = YES;
				INFOPLIST_KEY_UILaunchScreen_Generation = YES;
				INFOPLIST_KEY_UISupportedInterfaceOrientations_iPad = "UIInterfaceOrientationPortrait UIInterfaceOrientationPortraitUpsideDown UIInterfaceOrientationLandscapeLeft UIInterfaceOrientationLandscapeRight";
				INFOPLIST_KEY_UISupportedInterfaceOrientations_iPhone = "UIInterfaceOrientationPortrait UIInterfaceOrientationLandscapeLeft UIInterfaceOrientationLandscapeRight";
				LD_RUNPATH_SEARCH_PATHS = (
					"$(inherited)",
					"@executable_path/Frameworks",
				);
				MARKETING_VERSION = 1.0;
				PRODUCT_BUNDLE_IDENTIFIER = top.lemonapp.LittleDecision;
				PRODUCT_NAME = "$(TARGET_NAME)";
				SWIFT_EMIT_LOC_STRINGS = YES;
				SWIFT_VERSION = 5.0;
				TARGETED_DEVICE_FAMILY = "1,2";
			};
			name = Debug;
		};
		27FCEFCB2BBC6DB1002518E0 /* Release */ = {
			isa = XCBuildConfiguration;
			buildSettings = {
				ASSETCATALOG_COMPILER_APPICON_NAME = AppIcon;
				ASSETCATALOG_COMPILER_GLOBAL_ACCENT_COLOR_NAME = AccentColor;
				CODE_SIGN_STYLE = Automatic;
				CURRENT_PROJECT_VERSION = 1;
				DEVELOPMENT_ASSET_PATHS = "\"LittleDecision/Preview Content\"";
				DEVELOPMENT_TEAM = S3879FFC37;
				ENABLE_PREVIEWS = YES;
				GENERATE_INFOPLIST_FILE = YES;
				INFOPLIST_KEY_UIApplicationSceneManifest_Generation = YES;
				INFOPLIST_KEY_UIApplicationSupportsIndirectInputEvents = YES;
				INFOPLIST_KEY_UILaunchScreen_Generation = YES;
				INFOPLIST_KEY_UISupportedInterfaceOrientations_iPad = "UIInterfaceOrientationPortrait UIInterfaceOrientationPortraitUpsideDown UIInterfaceOrientationLandscapeLeft UIInterfaceOrientationLandscapeRight";
				INFOPLIST_KEY_UISupportedInterfaceOrientations_iPhone = "UIInterfaceOrientationPortrait UIInterfaceOrientationLandscapeLeft UIInterfaceOrientationLandscapeRight";
				LD_RUNPATH_SEARCH_PATHS = (
					"$(inherited)",
					"@executable_path/Frameworks",
				);
				MARKETING_VERSION = 1.0;
				PRODUCT_BUNDLE_IDENTIFIER = top.lemonapp.LittleDecision;
				PRODUCT_NAME = "$(TARGET_NAME)";
				SWIFT_EMIT_LOC_STRINGS = YES;
				SWIFT_VERSION = 5.0;
				TARGETED_DEVICE_FAMILY = "1,2";
			};
			name = Release;
		};
		27FCEFCD2BBC6DB1002518E0 /* Debug */ = {
			isa = XCBuildConfiguration;
			buildSettings = {
				ALWAYS_EMBED_SWIFT_STANDARD_LIBRARIES = YES;
				BUNDLE_LOADER = "$(TEST_HOST)";
				CODE_SIGN_STYLE = Automatic;
				CURRENT_PROJECT_VERSION = 1;
				DEVELOPMENT_TEAM = 5Y2258N9GL;
				GENERATE_INFOPLIST_FILE = YES;
				IPHONEOS_DEPLOYMENT_TARGET = 17.4;
				MARKETING_VERSION = 1.0;
				PRODUCT_BUNDLE_IDENTIFIER = im.ailu.LittleDecisionTests;
				PRODUCT_NAME = "$(TARGET_NAME)";
				SWIFT_EMIT_LOC_STRINGS = NO;
				SWIFT_VERSION = 5.0;
				TARGETED_DEVICE_FAMILY = "1,2";
				TEST_HOST = "$(BUILT_PRODUCTS_DIR)/LittleDecision.app/$(BUNDLE_EXECUTABLE_FOLDER_PATH)/LittleDecision";
			};
			name = Debug;
		};
		27FCEFCE2BBC6DB1002518E0 /* Release */ = {
			isa = XCBuildConfiguration;
			buildSettings = {
				ALWAYS_EMBED_SWIFT_STANDARD_LIBRARIES = YES;
				BUNDLE_LOADER = "$(TEST_HOST)";
				CODE_SIGN_STYLE = Automatic;
				CURRENT_PROJECT_VERSION = 1;
				DEVELOPMENT_TEAM = 5Y2258N9GL;
				GENERATE_INFOPLIST_FILE = YES;
				IPHONEOS_DEPLOYMENT_TARGET = 17.4;
				MARKETING_VERSION = 1.0;
				PRODUCT_BUNDLE_IDENTIFIER = im.ailu.LittleDecisionTests;
				PRODUCT_NAME = "$(TARGET_NAME)";
				SWIFT_EMIT_LOC_STRINGS = NO;
				SWIFT_VERSION = 5.0;
				TARGETED_DEVICE_FAMILY = "1,2";
				TEST_HOST = "$(BUILT_PRODUCTS_DIR)/LittleDecision.app/$(BUNDLE_EXECUTABLE_FOLDER_PATH)/LittleDecision";
			};
			name = Release;
		};
		27FCEFD02BBC6DB1002518E0 /* Debug */ = {
			isa = XCBuildConfiguration;
			buildSettings = {
				ALWAYS_EMBED_SWIFT_STANDARD_LIBRARIES = YES;
				CODE_SIGN_STYLE = Automatic;
				CURRENT_PROJECT_VERSION = 1;
				DEVELOPMENT_TEAM = 5Y2258N9GL;
				GENERATE_INFOPLIST_FILE = YES;
				MARKETING_VERSION = 1.0;
				PRODUCT_BUNDLE_IDENTIFIER = im.ailu.LittleDecisionUITests;
				PRODUCT_NAME = "$(TARGET_NAME)";
				SWIFT_EMIT_LOC_STRINGS = NO;
				SWIFT_VERSION = 5.0;
				TARGETED_DEVICE_FAMILY = "1,2";
				TEST_TARGET_NAME = LittleDecision;
			};
			name = Debug;
		};
		27FCEFD12BBC6DB1002518E0 /* Release */ = {
			isa = XCBuildConfiguration;
			buildSettings = {
				ALWAYS_EMBED_SWIFT_STANDARD_LIBRARIES = YES;
				CODE_SIGN_STYLE = Automatic;
				CURRENT_PROJECT_VERSION = 1;
				DEVELOPMENT_TEAM = 5Y2258N9GL;
				GENERATE_INFOPLIST_FILE = YES;
				MARKETING_VERSION = 1.0;
				PRODUCT_BUNDLE_IDENTIFIER = im.ailu.LittleDecisionUITests;
				PRODUCT_NAME = "$(TARGET_NAME)";
				SWIFT_EMIT_LOC_STRINGS = NO;
				SWIFT_VERSION = 5.0;
				TARGETED_DEVICE_FAMILY = "1,2";
				TEST_TARGET_NAME = LittleDecision;
			};
			name = Release;
		};
/* End XCBuildConfiguration section */

/* Begin XCConfigurationList section */
		27FCEF9E2BBC6DAF002518E0 /* Build configuration list for PBXProject "LittleDecision" */ = {
			isa = XCConfigurationList;
			buildConfigurations = (
				27FCEFC72BBC6DB1002518E0 /* Debug */,
				27FCEFC82BBC6DB1002518E0 /* Release */,
			);
			defaultConfigurationIsVisible = 0;
			defaultConfigurationName = Release;
		};
		27FCEFC92BBC6DB1002518E0 /* Build configuration list for PBXNativeTarget "LittleDecision" */ = {
			isa = XCConfigurationList;
			buildConfigurations = (
				27FCEFCA2BBC6DB1002518E0 /* Debug */,
				27FCEFCB2BBC6DB1002518E0 /* Release */,
			);
			defaultConfigurationIsVisible = 0;
			defaultConfigurationName = Release;
		};
		27FCEFCC2BBC6DB1002518E0 /* Build configuration list for PBXNativeTarget "LittleDecisionTests" */ = {
			isa = XCConfigurationList;
			buildConfigurations = (
				27FCEFCD2BBC6DB1002518E0 /* Debug */,
				27FCEFCE2BBC6DB1002518E0 /* Release */,
			);
			defaultConfigurationIsVisible = 0;
			defaultConfigurationName = Release;
		};
		27FCEFCF2BBC6DB1002518E0 /* Build configuration list for PBXNativeTarget "LittleDecisionUITests" */ = {
			isa = XCConfigurationList;
			buildConfigurations = (
				27FCEFD02BBC6DB1002518E0 /* Debug */,
				27FCEFD12BBC6DB1002518E0 /* Release */,
			);
			defaultConfigurationIsVisible = 0;
			defaultConfigurationName = Release;
		};
/* End XCConfigurationList section */

/* Begin XCLocalSwiftPackageReference section */
		271DE9672BD92872005C6405 /* XCLocalSwiftPackageReference "../LemonUtils" */ = {
			isa = XCLocalSwiftPackageReference;
			relativePath = ../LemonUtils;
		};
/* End XCLocalSwiftPackageReference section */

/* Begin XCSwiftPackageProductDependency section */
		271DE9682BD92872005C6405 /* LemonUtils */ = {
			isa = XCSwiftPackageProductDependency;
			productName = LemonUtils;
		};
/* End XCSwiftPackageProductDependency section */
	};
	rootObject = 27FCEF9B2BBC6DAF002518E0 /* Project object */;
}
