// !$*UTF8*$!
{
	archiveVersion = 1;
	classes = {
	};
	objectVersion = 56;
	objects = {

/* Begin PBXBuildFile section */
		271DE96B2BD93549005C6405 /* DecisionListItem.swift in Sources */ = {isa = PBXBuildFile; fileRef = 271DE96A2BD93549005C6405 /* DecisionListItem.swift */; };
		273ADCF62C1409CE006AC677 /* Logging.swift in Sources */ = {isa = PBXBuildFile; fileRef = 273ADCF52C1409CE006AC677 /* Logging.swift */; };
		273ADCF92C141193006AC677 /* DecisionEditorView.swift in Sources */ = {isa = PBXBuildFile; fileRef = 273ADCF82C141193006AC677 /* DecisionEditorView.swift */; };
		273ADCFB2C1411A6006AC677 /* DecisionAddView.swift in Sources */ = {isa = PBXBuildFile; fileRef = 273ADCFA2C1411A6006AC677 /* DecisionAddView.swift */; };
		273ADCFD2C141AEB006AC677 /* CommonEditView.swift in Sources */ = {isa = PBXBuildFile; fileRef = 273ADCFC2C141AEB006AC677 /* CommonEditView.swift */; };
		273ADCFF2C144C6C006AC677 /* FirstView.swift in Sources */ = {isa = PBXBuildFile; fileRef = 273ADCFE2C144C6C006AC677 /* FirstView.swift */; };
		273ADD112C153431006AC677 /* SettingsView.swift in Sources */ = {isa = PBXBuildFile; fileRef = 273ADD102C153431006AC677 /* SettingsView.swift */; };
		273ADD132C1554BD006AC677 /* InfoPlist.xcstrings in Resources */ = {isa = PBXBuildFile; fileRef = 273ADD122C1554BD006AC677 /* InfoPlist.xcstrings */; };
		273ADD162C157830006AC677 /* PieChartView.swift in Sources */ = {isa = PBXBuildFile; fileRef = 273ADD152C157830006AC677 /* PieChartView.swift */; };
		273ADDA12C16B38B006AC677 /* LotteryLogic.swift in Sources */ = {isa = PBXBuildFile; fileRef = 273ADDA02C16B38B006AC677 /* LotteryLogic.swift */; };
		273ADDA32C16B3B9006AC677 /* ChartView.swift in Sources */ = {isa = PBXBuildFile; fileRef = 273ADDA22C16B3B9006AC677 /* ChartView.swift */; };
		2754AA062BC3D1BD000073FB /* PointerShape.swift in Sources */ = {isa = PBXBuildFile; fileRef = 2754AA052BC3D1BD000073FB /* PointerShape.swift */; };
		2754AA0A2BC3DCB8000073FB /* ModelUtil.swift in Sources */ = {isa = PBXBuildFile; fileRef = 2754AA092BC3DCB8000073FB /* ModelUtil.swift */; };
		2754AA0E2BC3DD32000073FB /* DecisionViewModel.swift in Sources */ = {isa = PBXBuildFile; fileRef = 2754AA0D2BC3DD32000073FB /* DecisionViewModel.swift */; };
		2754AA102BC6CA37000073FB /* MainView.swift in Sources */ = {isa = PBXBuildFile; fileRef = 2754AA0F2BC6CA37000073FB /* MainView.swift */; };
		27DB357E2BCCD73000019054 /* DecisionListView.swift in Sources */ = {isa = PBXBuildFile; fileRef = 27DB357D2BCCD73000019054 /* DecisionListView.swift */; };
		27FCEFA72BBC6DAF002518E0 /* LittleDecisionApp.swift in Sources */ = {isa = PBXBuildFile; fileRef = 27FCEFA62BBC6DAF002518E0 /* LittleDecisionApp.swift */; };
		27FCEFAD2BBC6DB0002518E0 /* Assets.xcassets in Resources */ = {isa = PBXBuildFile; fileRef = 27FCEFAC2BBC6DB0002518E0 /* Assets.xcassets */; };
		27FCEFB02BBC6DB0002518E0 /* Preview Assets.xcassets in Resources */ = {isa = PBXBuildFile; fileRef = 27FCEFAF2BBC6DB0002518E0 /* Preview Assets.xcassets */; };
		27FCEFD32BBC6DF4002518E0 /* Model.swift in Sources */ = {isa = PBXBuildFile; fileRef = 27FCEFD22BBC6DF4002518E0 /* Model.swift */; };
		8D1931E72C6B84AB00F9D2A4 /* Localizable.xcstrings in Resources */ = {isa = PBXBuildFile; fileRef = 8D1931E62C6B84AB00F9D2A4 /* Localizable.xcstrings */; };
		8D1931EA2C6BAA7B00F9D2A4 /* LemonViews in Frameworks */ = {isa = PBXBuildFile; productRef = 8D1931E92C6BAA7B00F9D2A4 /* LemonViews */; };
		8D1931ED2C6BB12D00F9D2A4 /* Defaults in Frameworks */ = {isa = PBXBuildFile; productRef = 8D1931EC2C6BB12D00F9D2A4 /* Defaults */; };
		8D1931EF2C6BB5EC00F9D2A4 /* Defaults.swift in Sources */ = {isa = PBXBuildFile; fileRef = 8D1931EE2C6BB5EC00F9D2A4 /* Defaults.swift */; };
		8D1931F12C6BBFA400F9D2A4 /* ChoiceRow.swift in Sources */ = {isa = PBXBuildFile; fileRef = 8D1931F02C6BBFA400F9D2A4 /* ChoiceRow.swift */; };
		8D1932582C6DB42F00F9D2A4 /* ChoiceEditorView.swift in Sources */ = {isa = PBXBuildFile; fileRef = 8D1932572C6DB42F00F9D2A4 /* ChoiceEditorView.swift */; };
		8D19325A2C6E0F0E00F9D2A4 /* Utils.swift in Sources */ = {isa = PBXBuildFile; fileRef = 8D1932592C6E0F0E00F9D2A4 /* Utils.swift */; };
		8D19325C2C6E12F400F9D2A4 /* ChoiceAddView.swift in Sources */ = {isa = PBXBuildFile; fileRef = 8D19325B2C6E12F400F9D2A4 /* ChoiceAddView.swift */; };
		8D19325E2C6E1B8200F9D2A4 /* AddChoiceButton.swift in Sources */ = {isa = PBXBuildFile; fileRef = 8D19325D2C6E1B8200F9D2A4 /* AddChoiceButton.swift */; };
		8D1932602C6E1E3C00F9D2A4 /* RestoreButton.swift in Sources */ = {isa = PBXBuildFile; fileRef = 8D19325F2C6E1E3C00F9D2A4 /* RestoreButton.swift */; };
		8D1932622C6E435700F9D2A4 /* PreloadData.swift in Sources */ = {isa = PBXBuildFile; fileRef = 8D1932612C6E435700F9D2A4 /* PreloadData.swift */; };
		8D19326A2C6E47D000F9D2A4 /* data.zh.json in Resources */ = {isa = PBXBuildFile; fileRef = 8D1932632C6E43EC00F9D2A4 /* data.zh.json */; };
		8D19326B2C6E47D000F9D2A4 /* data.de.json in Resources */ = {isa = PBXBuildFile; fileRef = 8D1932692C6E45F100F9D2A4 /* data.de.json */; };
		8D19326C2C6E47D000F9D2A4 /* data.en.json in Resources */ = {isa = PBXBuildFile; fileRef = 8D1932652C6E44B000F9D2A4 /* data.en.json */; };
		8D19326D2C6E47D000F9D2A4 /* data.jp.json in Resources */ = {isa = PBXBuildFile; fileRef = 8D1932672C6E453000F9D2A4 /* data.jp.json */; };
		8D19326E2C6E47D000F9D2A4 /* data.kr.json in Resources */ = {isa = PBXBuildFile; fileRef = 8D1932682C6E455100F9D2A4 /* data.kr.json */; };
		8D19326F2C6E47D000F9D2A4 /* data.tw.json in Resources */ = {isa = PBXBuildFile; fileRef = 8D1932662C6E44F100F9D2A4 /* data.tw.json */; };
		8D1932842C70490C00F9D2A4 /* Constants.swift in Sources */ = {isa = PBXBuildFile; fileRef = 8D1932832C70490C00F9D2A4 /* Constants.swift */; };
		8D66ECBC2C798442003557C2 /* Launch Screen.storyboard in Resources */ = {isa = PBXBuildFile; fileRef = 8D66ECBB2C798442003557C2 /* Launch Screen.storyboard */; };
		8D66ECC32C79EA84003557C2 /* MathCalculation.swift in Sources */ = {isa = PBXBuildFile; fileRef = 8D66ECC22C79EA84003557C2 /* MathCalculation.swift */; };
		8D66ED012C7B21F6003557C2 /* ChillRoundM.otf in Resources */ = {isa = PBXBuildFile; fileRef = 8D66ED002C7B21EA003557C2 /* ChillRoundM.otf */; };
		8D66ED042C7B5AD2003557C2 /* 8bit-canon-giulio-fazio-main-version-30900-02-48.mp3 in Resources */ = {isa = PBXBuildFile; fileRef = 8D66ED032C7B5AD2003557C2 /* 8bit-canon-giulio-fazio-main-version-30900-02-48.mp3 */; };
		8D66ED072C7B5BA4003557C2 /* Subsonic in Frameworks */ = {isa = PBXBuildFile; productRef = 8D66ED062C7B5BA4003557C2 /* Subsonic */; };
		8DDB81F42C816467005152BE /* PointerView.swift in Sources */ = {isa = PBXBuildFile; fileRef = 8DDB81F32C816467005152BE /* PointerView.swift */; };
		8DDB81F72C817A5E005152BE /* PremiumView.swift in Sources */ = {isa = PBXBuildFile; fileRef = 8DDB81F62C817A5E005152BE /* PremiumView.swift */; };
		8DDB81FB2C81B1E3005152BE /* BackgroundContainer.swift in Sources */ = {isa = PBXBuildFile; fileRef = 8DDB81FA2C81B1E3005152BE /* BackgroundContainer.swift */; };
		8DDB81FE2C81C71B005152BE /* RevenueCat in Frameworks */ = {isa = PBXBuildFile; productRef = 8DDB81FD2C81C71B005152BE /* RevenueCat */; };
		8DDB82002C81C71B005152BE /* RevenueCatUI in Frameworks */ = {isa = PBXBuildFile; productRef = 8DDB81FF2C81C71B005152BE /* RevenueCatUI */; };
		8DDB82022C81C7CF005152BE /* PurchaseManager.swift in Sources */ = {isa = PBXBuildFile; fileRef = 8DDB82012C81C7CF005152BE /* PurchaseManager.swift */; };
		8DDB82052C8204F7005152BE /* StoreKit.framework in Frameworks */ = {isa = PBXBuildFile; fileRef = 8DDB82042C8204F7005152BE /* StoreKit.framework */; };
		8DDB82082C820710005152BE /* StoreKitTestCertificate.cer in Resources */ = {isa = PBXBuildFile; fileRef = 8DDB82072C820710005152BE /* StoreKitTestCertificate.cer */; };
		8DDB820A2C8217CF005152BE /* RCConstant.swift in Sources */ = {isa = PBXBuildFile; fileRef = 8DDB82092C8217CF005152BE /* RCConstant.swift */; };
		8DDB820E2C82184A005152BE /* IAPError.swift in Sources */ = {isa = PBXBuildFile; fileRef = 8DDB820D2C82184A005152BE /* IAPError.swift */; };
		8DDB82102C821866005152BE /* SubscriptionInfo.swift in Sources */ = {isa = PBXBuildFile; fileRef = 8DDB820F2C821866005152BE /* SubscriptionInfo.swift */; };
		8DDB82122C821878005152BE /* SubscriptionState.swift in Sources */ = {isa = PBXBuildFile; fileRef = 8DDB82112C821878005152BE /* SubscriptionState.swift */; };
		8DDB82152C821FF9005152BE /* SubscriptionViewModel.swift in Sources */ = {isa = PBXBuildFile; fileRef = 8DDB82142C821FF9005152BE /* SubscriptionViewModel.swift */; };
		8DDB82192C82C1DA005152BE /* ContactSection.swift in Sources */ = {isa = PBXBuildFile; fileRef = 8DDB82182C82C1DA005152BE /* ContactSection.swift */; };
		8DDB821C2C82CBD1005152BE /* ToolbarView.swift in Sources */ = {isa = PBXBuildFile; fileRef = 8DDB821B2C82CBD1005152BE /* ToolbarView.swift */; };
		8DDB821E2C82CCA4005152BE /* SkinListView.swift in Sources */ = {isa = PBXBuildFile; fileRef = 8DDB821D2C82CCA4005152BE /* SkinListView.swift */; };
		8DDB82202C82D2CD005152BE /* SpinWheel.swift in Sources */ = {isa = PBXBuildFile; fileRef = 8DDB821F2C82D2CD005152BE /* SpinWheel.swift */; };
		8DDB82222C82D2F1005152BE /* SpinWheelCell.swift in Sources */ = {isa = PBXBuildFile; fileRef = 8DDB82212C82D2F1005152BE /* SpinWheelCell.swift */; };
		8DDB82242C82D3C4005152BE /* SpinWheelCellShape.swift in Sources */ = {isa = PBXBuildFile; fileRef = 8DDB82232C82D3C4005152BE /* SpinWheelCellShape.swift */; };
		8DDB82262C82D3FF005152BE /* ChartItemText.swift in Sources */ = {isa = PBXBuildFile; fileRef = 8DDB82252C82D3FF005152BE /* ChartItemText.swift */; };
		8DDB82282C83247F005152BE /* SpinWheelConfiguration.swift in Sources */ = {isa = PBXBuildFile; fileRef = 8DDB82272C83247F005152BE /* SpinWheelConfiguration.swift */; };
		8DDB822A2C83F0F2005152BE /* PremiumIcon.swift in Sources */ = {isa = PBXBuildFile; fileRef = 8DDB82292C83F0F2005152BE /* PremiumIcon.swift */; };
		8DDB822D2C83F893005152BE /* SkinConfiguration.swift in Sources */ = {isa = PBXBuildFile; fileRef = 8DDB822C2C83F893005152BE /* SkinConfiguration.swift */; };
		8DDB822E2C8408C6005152BE /* Yuzu DecideEasy.storekit in Resources */ = {isa = PBXBuildFile; fileRef = 8DDB82062C82052C005152BE /* Yuzu DecideEasy.storekit */; };
		8DE2A4C02C8C163C002BC37F /* DecisionDisplayMode.swift in Sources */ = {isa = PBXBuildFile; fileRef = 8DE2A4BF2C8C163C002BC37F /* DecisionDisplayMode.swift */; };
		8DE2A4C32C8C5947002BC37F /* TemplateList.swift in Sources */ = {isa = PBXBuildFile; fileRef = 8DE2A4C22C8C5947002BC37F /* TemplateList.swift */; };
		8DE2A4C62C8C692B002BC37F /* HorizontalPicker in Frameworks */ = {isa = PBXBuildFile; productRef = 8DE2A4C52C8C692B002BC37F /* HorizontalPicker */; };
		8DE2A4CA2C8DE953002BC37F /* frequentUsed.json in Resources */ = {isa = PBXBuildFile; fileRef = 8DE2A4C92C8DE953002BC37F /* frequentUsed.json */; };
		8DE2A5022C8EB626002BC37F /* ChoicesSection.swift in Sources */ = {isa = PBXBuildFile; fileRef = 8DE2A5012C8EB626002BC37F /* ChoicesSection.swift */; };
		8DE2A5052C8EB688002BC37F /* ChoiceTip.swift in Sources */ = {isa = PBXBuildFile; fileRef = 8DE2A5042C8EB688002BC37F /* ChoiceTip.swift */; };
		8DE2A5072C8EB6D7002BC37F /* UseDecisionTip.swift in Sources */ = {isa = PBXBuildFile; fileRef = 8DE2A5062C8EB6D7002BC37F /* UseDecisionTip.swift */; };
		8DE2A50A2C8EBA07002BC37F /* ChoiceDetailsSection.swift in Sources */ = {isa = PBXBuildFile; fileRef = 8DE2A5092C8EBA07002BC37F /* ChoiceDetailsSection.swift */; };
		8DE2A50C2C8EBA42002BC37F /* WeightInfoSection.swift in Sources */ = {isa = PBXBuildFile; fileRef = 8DE2A50B2C8EBA42002BC37F /* WeightInfoSection.swift */; };
		8DE2A50E2C8ED2C0002BC37F /* ChoiceTitleView.swift in Sources */ = {isa = PBXBuildFile; fileRef = 8DE2A50D2C8ED2C0002BC37F /* ChoiceTitleView.swift */; };
		8DE2A5102C8ED3FD002BC37F /* ChoiceWeightView.swift in Sources */ = {isa = PBXBuildFile; fileRef = 8DE2A50F2C8ED3FD002BC37F /* ChoiceWeightView.swift */; };
		8DE2A5122C8ED5FB002BC37F /* EditDecisionTitleView.swift in Sources */ = {isa = PBXBuildFile; fileRef = 8DE2A5112C8ED5FB002BC37F /* EditDecisionTitleView.swift */; };
		8DE2A5142C8ED99D002BC37F /* LemonForm.swift in Sources */ = {isa = PBXBuildFile; fileRef = 8DE2A5132C8ED99D002BC37F /* LemonForm.swift */; };
		8DE2A5172C8EDB62002BC37F /* DecisionListContentView.swift in Sources */ = {isa = PBXBuildFile; fileRef = 8DE2A5162C8EDB62002BC37F /* DecisionListContentView.swift */; };
		8DE2A5192C8EDBA1002BC37F /* DecisionRow.swift in Sources */ = {isa = PBXBuildFile; fileRef = 8DE2A5182C8EDBA1002BC37F /* DecisionRow.swift */; };
		8DE2A51D2C8EDCAE002BC37F /* DeleteDecisionButton.swift in Sources */ = {isa = PBXBuildFile; fileRef = 8DE2A51C2C8EDCAE002BC37F /* DeleteDecisionButton.swift */; };
		8DE2A51F2C8EDDE1002BC37F /* DecisionListRowLabel.swift in Sources */ = {isa = PBXBuildFile; fileRef = 8DE2A51E2C8EDDE1002BC37F /* DecisionListRowLabel.swift */; };
		8DE2A5222C8EE20E002BC37F /* DecisionView.swift in Sources */ = {isa = PBXBuildFile; fileRef = 8DE2A5212C8EE20E002BC37F /* DecisionView.swift */; };
		8DE2A5242C8EE4DC002BC37F /* Decision+.swift in Sources */ = {isa = PBXBuildFile; fileRef = 8DE2A5232C8EE4DC002BC37F /* Decision+.swift */; };
		8DE2A5262C8F3C89002BC37F /* flipcard-91468.mp3 in Resources */ = {isa = PBXBuildFile; fileRef = 8DE2A5252C8F3C89002BC37F /* flipcard-91468.mp3 */; };
		8DE2A5282C8F3E34002BC37F /* riffle-shuffle-46706.mp3 in Resources */ = {isa = PBXBuildFile; fileRef = 8DE2A5272C8F3E34002BC37F /* riffle-shuffle-46706.mp3 */; };
		8DE2A5302C8FE4C1002BC37F /* DecisionChoiceTitleView.swift in Sources */ = {isa = PBXBuildFile; fileRef = 8DE2A52F2C8FE4C1002BC37F /* DecisionChoiceTitleView.swift */; };
		8DE2A5322C8FE4E6002BC37F /* DecisionTitle.swift in Sources */ = {isa = PBXBuildFile; fileRef = 8DE2A5312C8FE4E6002BC37F /* DecisionTitle.swift */; };
		8DE2A5392C9016A3002BC37F /* DiceView.swift in Sources */ = {isa = PBXBuildFile; fileRef = 8DE2A5382C9016A3002BC37F /* DiceView.swift */; };
		8DE2A5412C909194002BC37F /* DeckCardView2.swift in Sources */ = {isa = PBXBuildFile; fileRef = 8DE2A5402C909194002BC37F /* DeckCardView2.swift */; };
		8DE2A5452C913986002BC37F /* SoundPlayer.swift in Sources */ = {isa = PBXBuildFile; fileRef = 8DE2A5442C913986002BC37F /* SoundPlayer.swift */; };
		8DE2A5472C914AE4002BC37F /* TemplateKind.swift in Sources */ = {isa = PBXBuildFile; fileRef = 8DE2A5462C914AE4002BC37F /* TemplateKind.swift */; };
		8DE2A5492C914B0E002BC37F /* PlaceHolderView.swift in Sources */ = {isa = PBXBuildFile; fileRef = 8DE2A5482C914B0E002BC37F /* PlaceHolderView.swift */; };
		8DE2A54B2C917BB2002BC37F /* frequentUsed.en.json in Resources */ = {isa = PBXBuildFile; fileRef = 8DE2A54A2C917BB2002BC37F /* frequentUsed.en.json */; };
		8DF0AA752C8083B800F4FD27 /* CustomFont.swift in Sources */ = {isa = PBXBuildFile; fileRef = 8DF0AA742C8083B800F4FD27 /* CustomFont.swift */; };
		8DF0AAAD2C80C11100F4FD27 /* ThemeManager.swift in Sources */ = {isa = PBXBuildFile; fileRef = 8DF0AAAC2C80C11100F4FD27 /* ThemeManager.swift */; };
/* End PBXBuildFile section */

/* Begin PBXFileReference section */
		271DE96A2BD93549005C6405 /* DecisionListItem.swift */ = {isa = PBXFileReference; lastKnownFileType = sourcecode.swift; path = DecisionListItem.swift; sourceTree = "<group>"; };
		273ADCF52C1409CE006AC677 /* Logging.swift */ = {isa = PBXFileReference; lastKnownFileType = sourcecode.swift; path = Logging.swift; sourceTree = "<group>"; };
		273ADCF82C141193006AC677 /* DecisionEditorView.swift */ = {isa = PBXFileReference; lastKnownFileType = sourcecode.swift; path = DecisionEditorView.swift; sourceTree = "<group>"; };
		273ADCFA2C1411A6006AC677 /* DecisionAddView.swift */ = {isa = PBXFileReference; lastKnownFileType = sourcecode.swift; path = DecisionAddView.swift; sourceTree = "<group>"; };
		273ADCFC2C141AEB006AC677 /* CommonEditView.swift */ = {isa = PBXFileReference; lastKnownFileType = sourcecode.swift; path = CommonEditView.swift; sourceTree = "<group>"; };
		273ADCFE2C144C6C006AC677 /* FirstView.swift */ = {isa = PBXFileReference; lastKnownFileType = sourcecode.swift; path = FirstView.swift; sourceTree = "<group>"; };
		273ADD102C153431006AC677 /* SettingsView.swift */ = {isa = PBXFileReference; lastKnownFileType = sourcecode.swift; path = SettingsView.swift; sourceTree = "<group>"; };
		273ADD122C1554BD006AC677 /* InfoPlist.xcstrings */ = {isa = PBXFileReference; lastKnownFileType = text.json.xcstrings; path = InfoPlist.xcstrings; sourceTree = "<group>"; };
		273ADD152C157830006AC677 /* PieChartView.swift */ = {isa = PBXFileReference; lastKnownFileType = sourcecode.swift; path = PieChartView.swift; sourceTree = "<group>"; };
		273ADDA02C16B38B006AC677 /* LotteryLogic.swift */ = {isa = PBXFileReference; lastKnownFileType = sourcecode.swift; path = LotteryLogic.swift; sourceTree = "<group>"; };
		273ADDA22C16B3B9006AC677 /* ChartView.swift */ = {isa = PBXFileReference; lastKnownFileType = sourcecode.swift; path = ChartView.swift; sourceTree = "<group>"; };
		2754AA052BC3D1BD000073FB /* PointerShape.swift */ = {isa = PBXFileReference; lastKnownFileType = sourcecode.swift; path = PointerShape.swift; sourceTree = "<group>"; };
		2754AA092BC3DCB8000073FB /* ModelUtil.swift */ = {isa = PBXFileReference; fileEncoding = 4; lastKnownFileType = sourcecode.swift; path = ModelUtil.swift; sourceTree = "<group>"; };
		2754AA0D2BC3DD32000073FB /* DecisionViewModel.swift */ = {isa = PBXFileReference; lastKnownFileType = sourcecode.swift; path = DecisionViewModel.swift; sourceTree = "<group>"; };
		2754AA0F2BC6CA37000073FB /* MainView.swift */ = {isa = PBXFileReference; lastKnownFileType = sourcecode.swift; path = MainView.swift; sourceTree = "<group>"; };
		27DB357D2BCCD73000019054 /* DecisionListView.swift */ = {isa = PBXFileReference; lastKnownFileType = sourcecode.swift; path = DecisionListView.swift; sourceTree = "<group>"; };
		27FCEFA32BBC6DAF002518E0 /* LittleDecision.app */ = {isa = PBXFileReference; explicitFileType = wrapper.application; includeInIndex = 0; path = LittleDecision.app; sourceTree = BUILT_PRODUCTS_DIR; };
		27FCEFA62BBC6DAF002518E0 /* LittleDecisionApp.swift */ = {isa = PBXFileReference; lastKnownFileType = sourcecode.swift; path = LittleDecisionApp.swift; sourceTree = "<group>"; };
		27FCEFAC2BBC6DB0002518E0 /* Assets.xcassets */ = {isa = PBXFileReference; lastKnownFileType = folder.assetcatalog; path = Assets.xcassets; sourceTree = "<group>"; };
		27FCEFAF2BBC6DB0002518E0 /* Preview Assets.xcassets */ = {isa = PBXFileReference; lastKnownFileType = folder.assetcatalog; path = "Preview Assets.xcassets"; sourceTree = "<group>"; };
		27FCEFD22BBC6DF4002518E0 /* Model.swift */ = {isa = PBXFileReference; lastKnownFileType = sourcecode.swift; path = Model.swift; sourceTree = "<group>"; };
		8D1931E42C6B73DD00F9D2A4 /* .swiftlint.yml */ = {isa = PBXFileReference; lastKnownFileType = text.yaml; path = .swiftlint.yml; sourceTree = "<group>"; };
		8D1931E62C6B84AB00F9D2A4 /* Localizable.xcstrings */ = {isa = PBXFileReference; lastKnownFileType = text.json.xcstrings; path = Localizable.xcstrings; sourceTree = "<group>"; };
		8D1931EE2C6BB5EC00F9D2A4 /* Defaults.swift */ = {isa = PBXFileReference; lastKnownFileType = sourcecode.swift; path = Defaults.swift; sourceTree = "<group>"; };
		8D1931F02C6BBFA400F9D2A4 /* ChoiceRow.swift */ = {isa = PBXFileReference; lastKnownFileType = sourcecode.swift; path = ChoiceRow.swift; sourceTree = "<group>"; };
		8D1932572C6DB42F00F9D2A4 /* ChoiceEditorView.swift */ = {isa = PBXFileReference; lastKnownFileType = sourcecode.swift; path = ChoiceEditorView.swift; sourceTree = "<group>"; };
		8D1932592C6E0F0E00F9D2A4 /* Utils.swift */ = {isa = PBXFileReference; lastKnownFileType = sourcecode.swift; path = Utils.swift; sourceTree = "<group>"; };
		8D19325B2C6E12F400F9D2A4 /* ChoiceAddView.swift */ = {isa = PBXFileReference; lastKnownFileType = sourcecode.swift; path = ChoiceAddView.swift; sourceTree = "<group>"; };
		8D19325D2C6E1B8200F9D2A4 /* AddChoiceButton.swift */ = {isa = PBXFileReference; lastKnownFileType = sourcecode.swift; path = AddChoiceButton.swift; sourceTree = "<group>"; };
		8D19325F2C6E1E3C00F9D2A4 /* RestoreButton.swift */ = {isa = PBXFileReference; lastKnownFileType = sourcecode.swift; path = RestoreButton.swift; sourceTree = "<group>"; };
		8D1932612C6E435700F9D2A4 /* PreloadData.swift */ = {isa = PBXFileReference; lastKnownFileType = sourcecode.swift; path = PreloadData.swift; sourceTree = "<group>"; };
		8D1932632C6E43EC00F9D2A4 /* data.zh.json */ = {isa = PBXFileReference; lastKnownFileType = text.json; path = data.zh.json; sourceTree = "<group>"; };
		8D1932652C6E44B000F9D2A4 /* data.en.json */ = {isa = PBXFileReference; lastKnownFileType = text.json; path = data.en.json; sourceTree = "<group>"; };
		8D1932662C6E44F100F9D2A4 /* data.tw.json */ = {isa = PBXFileReference; lastKnownFileType = text.json; path = data.tw.json; sourceTree = "<group>"; };
		8D1932672C6E453000F9D2A4 /* data.jp.json */ = {isa = PBXFileReference; lastKnownFileType = text.json; path = data.jp.json; sourceTree = "<group>"; };
		8D1932682C6E455100F9D2A4 /* data.kr.json */ = {isa = PBXFileReference; lastKnownFileType = text.json; path = data.kr.json; sourceTree = "<group>"; };
		8D1932692C6E45F100F9D2A4 /* data.de.json */ = {isa = PBXFileReference; lastKnownFileType = text.json; path = data.de.json; sourceTree = "<group>"; };
		8D1932702C6E4E5300F9D2A4 /* extract_translation.py */ = {isa = PBXFileReference; lastKnownFileType = text.script.python; path = extract_translation.py; sourceTree = "<group>"; };
		8D1932832C70490C00F9D2A4 /* Constants.swift */ = {isa = PBXFileReference; lastKnownFileType = sourcecode.swift; path = Constants.swift; sourceTree = "<group>"; };
		8D66ECBB2C798442003557C2 /* Launch Screen.storyboard */ = {isa = PBXFileReference; lastKnownFileType = file.storyboard; path = "Launch Screen.storyboard"; sourceTree = "<group>"; };
		8D66ECC22C79EA84003557C2 /* MathCalculation.swift */ = {isa = PBXFileReference; lastKnownFileType = sourcecode.swift; path = MathCalculation.swift; sourceTree = "<group>"; };
		8D66ED002C7B21EA003557C2 /* ChillRoundM.otf */ = {isa = PBXFileReference; lastKnownFileType = file; path = ChillRoundM.otf; sourceTree = "<group>"; };
		8D66ED022C7B2231003557C2 /* Info.plist */ = {isa = PBXFileReference; lastKnownFileType = text.plist; path = Info.plist; sourceTree = "<group>"; };
		8D66ED032C7B5AD2003557C2 /* 8bit-canon-giulio-fazio-main-version-30900-02-48.mp3 */ = {isa = PBXFileReference; lastKnownFileType = audio.mp3; path = "8bit-canon-giulio-fazio-main-version-30900-02-48.mp3"; sourceTree = "<group>"; };
		8DDB81F32C816467005152BE /* PointerView.swift */ = {isa = PBXFileReference; lastKnownFileType = sourcecode.swift; path = PointerView.swift; sourceTree = "<group>"; };
		8DDB81F62C817A5E005152BE /* PremiumView.swift */ = {isa = PBXFileReference; lastKnownFileType = sourcecode.swift; path = PremiumView.swift; sourceTree = "<group>"; };
		8DDB81FA2C81B1E3005152BE /* BackgroundContainer.swift */ = {isa = PBXFileReference; lastKnownFileType = sourcecode.swift; path = BackgroundContainer.swift; sourceTree = "<group>"; };
		8DDB82012C81C7CF005152BE /* PurchaseManager.swift */ = {isa = PBXFileReference; lastKnownFileType = sourcecode.swift; path = PurchaseManager.swift; sourceTree = "<group>"; };
		8DDB82042C8204F7005152BE /* StoreKit.framework */ = {isa = PBXFileReference; lastKnownFileType = wrapper.framework; name = StoreKit.framework; path = System/Library/Frameworks/StoreKit.framework; sourceTree = SDKROOT; };
		8DDB82062C82052C005152BE /* Yuzu DecideEasy.storekit */ = {isa = PBXFileReference; lastKnownFileType = text; path = "Yuzu DecideEasy.storekit"; sourceTree = "<group>"; };
		8DDB82072C820710005152BE /* StoreKitTestCertificate.cer */ = {isa = PBXFileReference; lastKnownFileType = file; name = StoreKitTestCertificate.cer; path = ../../Downloads/StoreKitTestCertificate.cer; sourceTree = "<group>"; };
		8DDB82092C8217CF005152BE /* RCConstant.swift */ = {isa = PBXFileReference; lastKnownFileType = sourcecode.swift; path = RCConstant.swift; sourceTree = "<group>"; };
		8DDB820D2C82184A005152BE /* IAPError.swift */ = {isa = PBXFileReference; lastKnownFileType = sourcecode.swift; path = IAPError.swift; sourceTree = "<group>"; };
		8DDB820F2C821866005152BE /* SubscriptionInfo.swift */ = {isa = PBXFileReference; lastKnownFileType = sourcecode.swift; path = SubscriptionInfo.swift; sourceTree = "<group>"; };
		8DDB82112C821878005152BE /* SubscriptionState.swift */ = {isa = PBXFileReference; lastKnownFileType = sourcecode.swift; path = SubscriptionState.swift; sourceTree = "<group>"; };
		8DDB82142C821FF9005152BE /* SubscriptionViewModel.swift */ = {isa = PBXFileReference; lastKnownFileType = sourcecode.swift; path = SubscriptionViewModel.swift; sourceTree = "<group>"; };
		8DDB82182C82C1DA005152BE /* ContactSection.swift */ = {isa = PBXFileReference; lastKnownFileType = sourcecode.swift; path = ContactSection.swift; sourceTree = "<group>"; };
		8DDB821B2C82CBD1005152BE /* ToolbarView.swift */ = {isa = PBXFileReference; lastKnownFileType = sourcecode.swift; path = ToolbarView.swift; sourceTree = "<group>"; };
		8DDB821D2C82CCA4005152BE /* SkinListView.swift */ = {isa = PBXFileReference; lastKnownFileType = sourcecode.swift; path = SkinListView.swift; sourceTree = "<group>"; };
		8DDB821F2C82D2CD005152BE /* SpinWheel.swift */ = {isa = PBXFileReference; lastKnownFileType = sourcecode.swift; path = SpinWheel.swift; sourceTree = "<group>"; };
		8DDB82212C82D2F1005152BE /* SpinWheelCell.swift */ = {isa = PBXFileReference; lastKnownFileType = sourcecode.swift; path = SpinWheelCell.swift; sourceTree = "<group>"; };
		8DDB82232C82D3C4005152BE /* SpinWheelCellShape.swift */ = {isa = PBXFileReference; lastKnownFileType = sourcecode.swift; path = SpinWheelCellShape.swift; sourceTree = "<group>"; };
		8DDB82252C82D3FF005152BE /* ChartItemText.swift */ = {isa = PBXFileReference; lastKnownFileType = sourcecode.swift; path = ChartItemText.swift; sourceTree = "<group>"; };
		8DDB82272C83247F005152BE /* SpinWheelConfiguration.swift */ = {isa = PBXFileReference; lastKnownFileType = sourcecode.swift; path = SpinWheelConfiguration.swift; sourceTree = "<group>"; };
		8DDB82292C83F0F2005152BE /* PremiumIcon.swift */ = {isa = PBXFileReference; lastKnownFileType = sourcecode.swift; path = PremiumIcon.swift; sourceTree = "<group>"; };
		8DDB822C2C83F893005152BE /* SkinConfiguration.swift */ = {isa = PBXFileReference; lastKnownFileType = sourcecode.swift; path = SkinConfiguration.swift; sourceTree = "<group>"; };
		8DE2A4BF2C8C163C002BC37F /* DecisionDisplayMode.swift */ = {isa = PBXFileReference; lastKnownFileType = sourcecode.swift; path = DecisionDisplayMode.swift; sourceTree = "<group>"; };
		8DE2A4C22C8C5947002BC37F /* TemplateList.swift */ = {isa = PBXFileReference; lastKnownFileType = sourcecode.swift; path = TemplateList.swift; sourceTree = "<group>"; };
		8DE2A4C92C8DE953002BC37F /* frequentUsed.json */ = {isa = PBXFileReference; fileEncoding = 4; lastKnownFileType = text.json; path = frequentUsed.json; sourceTree = "<group>"; };
		8DE2A5012C8EB626002BC37F /* ChoicesSection.swift */ = {isa = PBXFileReference; lastKnownFileType = sourcecode.swift; path = ChoicesSection.swift; sourceTree = "<group>"; };
		8DE2A5042C8EB688002BC37F /* ChoiceTip.swift */ = {isa = PBXFileReference; lastKnownFileType = sourcecode.swift; path = ChoiceTip.swift; sourceTree = "<group>"; };
		8DE2A5062C8EB6D7002BC37F /* UseDecisionTip.swift */ = {isa = PBXFileReference; lastKnownFileType = sourcecode.swift; path = UseDecisionTip.swift; sourceTree = "<group>"; };
		8DE2A5092C8EBA07002BC37F /* ChoiceDetailsSection.swift */ = {isa = PBXFileReference; lastKnownFileType = sourcecode.swift; path = ChoiceDetailsSection.swift; sourceTree = "<group>"; };
		8DE2A50B2C8EBA42002BC37F /* WeightInfoSection.swift */ = {isa = PBXFileReference; lastKnownFileType = sourcecode.swift; path = WeightInfoSection.swift; sourceTree = "<group>"; };
		8DE2A50D2C8ED2C0002BC37F /* ChoiceTitleView.swift */ = {isa = PBXFileReference; lastKnownFileType = sourcecode.swift; path = ChoiceTitleView.swift; sourceTree = "<group>"; };
		8DE2A50F2C8ED3FD002BC37F /* ChoiceWeightView.swift */ = {isa = PBXFileReference; lastKnownFileType = sourcecode.swift; path = ChoiceWeightView.swift; sourceTree = "<group>"; };
		8DE2A5112C8ED5FB002BC37F /* EditDecisionTitleView.swift */ = {isa = PBXFileReference; lastKnownFileType = sourcecode.swift; path = EditDecisionTitleView.swift; sourceTree = "<group>"; };
		8DE2A5132C8ED99D002BC37F /* LemonForm.swift */ = {isa = PBXFileReference; lastKnownFileType = sourcecode.swift; path = LemonForm.swift; sourceTree = "<group>"; };
		8DE2A5162C8EDB62002BC37F /* DecisionListContentView.swift */ = {isa = PBXFileReference; lastKnownFileType = sourcecode.swift; path = DecisionListContentView.swift; sourceTree = "<group>"; };
		8DE2A5182C8EDBA1002BC37F /* DecisionRow.swift */ = {isa = PBXFileReference; lastKnownFileType = sourcecode.swift; path = DecisionRow.swift; sourceTree = "<group>"; };
		8DE2A51C2C8EDCAE002BC37F /* DeleteDecisionButton.swift */ = {isa = PBXFileReference; lastKnownFileType = sourcecode.swift; path = DeleteDecisionButton.swift; sourceTree = "<group>"; };
		8DE2A51E2C8EDDE1002BC37F /* DecisionListRowLabel.swift */ = {isa = PBXFileReference; lastKnownFileType = sourcecode.swift; path = DecisionListRowLabel.swift; sourceTree = "<group>"; };
		8DE2A5212C8EE20E002BC37F /* DecisionView.swift */ = {isa = PBXFileReference; lastKnownFileType = sourcecode.swift; path = DecisionView.swift; sourceTree = "<group>"; };
		8DE2A5232C8EE4DC002BC37F /* Decision+.swift */ = {isa = PBXFileReference; lastKnownFileType = sourcecode.swift; path = "Decision+.swift"; sourceTree = "<group>"; };
		8DE2A5252C8F3C89002BC37F /* flipcard-91468.mp3 */ = {isa = PBXFileReference; lastKnownFileType = audio.mp3; path = "flipcard-91468.mp3"; sourceTree = "<group>"; };
		8DE2A5272C8F3E34002BC37F /* riffle-shuffle-46706.mp3 */ = {isa = PBXFileReference; lastKnownFileType = audio.mp3; path = "riffle-shuffle-46706.mp3"; sourceTree = "<group>"; };
		8DE2A52F2C8FE4C1002BC37F /* DecisionChoiceTitleView.swift */ = {isa = PBXFileReference; lastKnownFileType = sourcecode.swift; path = DecisionChoiceTitleView.swift; sourceTree = "<group>"; };
		8DE2A5312C8FE4E6002BC37F /* DecisionTitle.swift */ = {isa = PBXFileReference; lastKnownFileType = sourcecode.swift; path = DecisionTitle.swift; sourceTree = "<group>"; };
		8DE2A5382C9016A3002BC37F /* DiceView.swift */ = {isa = PBXFileReference; lastKnownFileType = sourcecode.swift; path = DiceView.swift; sourceTree = "<group>"; };
		8DE2A5402C909194002BC37F /* DeckCardView2.swift */ = {isa = PBXFileReference; lastKnownFileType = sourcecode.swift; path = DeckCardView2.swift; sourceTree = "<group>"; };
		8DE2A5442C913986002BC37F /* SoundPlayer.swift */ = {isa = PBXFileReference; lastKnownFileType = sourcecode.swift; path = SoundPlayer.swift; sourceTree = "<group>"; };
		8DE2A5462C914AE4002BC37F /* TemplateKind.swift */ = {isa = PBXFileReference; lastKnownFileType = sourcecode.swift; path = TemplateKind.swift; sourceTree = "<group>"; };
		8DE2A5482C914B0E002BC37F /* PlaceHolderView.swift */ = {isa = PBXFileReference; lastKnownFileType = sourcecode.swift; path = PlaceHolderView.swift; sourceTree = "<group>"; };
		8DE2A54A2C917BB2002BC37F /* frequentUsed.en.json */ = {isa = PBXFileReference; lastKnownFileType = text.json; path = frequentUsed.en.json; sourceTree = "<group>"; };
		8DF0AA742C8083B800F4FD27 /* CustomFont.swift */ = {isa = PBXFileReference; lastKnownFileType = sourcecode.swift; path = CustomFont.swift; sourceTree = "<group>"; };
		8DF0AAAC2C80C11100F4FD27 /* ThemeManager.swift */ = {isa = PBXFileReference; lastKnownFileType = sourcecode.swift; path = ThemeManager.swift; sourceTree = "<group>"; };
/* End PBXFileReference section */

/* Begin PBXFrameworksBuildPhase section */
		27FCEFA02BBC6DAF002518E0 /* Frameworks */ = {
			isa = PBXFrameworksBuildPhase;
			buildActionMask = 2147483647;
			files = (
				8DE2A4C62C8C692B002BC37F /* HorizontalPicker in Frameworks */,
				8DDB81FE2C81C71B005152BE /* RevenueCat in Frameworks */,
				8D66ED072C7B5BA4003557C2 /* Subsonic in Frameworks */,
				8D1931ED2C6BB12D00F9D2A4 /* Defaults in Frameworks */,
				8DDB82052C8204F7005152BE /* StoreKit.framework in Frameworks */,
				8DDB82002C81C71B005152BE /* RevenueCatUI in Frameworks */,
				8D1931EA2C6BAA7B00F9D2A4 /* LemonViews in Frameworks */,
			);
			runOnlyForDeploymentPostprocessing = 0;
		};
/* End PBXFrameworksBuildPhase section */

/* Begin PBXGroup section */
		273ADCF12C13F4C8006AC677 /* Model */ = {
			isa = PBXGroup;
			children = (
				27FCEFD22BBC6DF4002518E0 /* Model.swift */,
				2754AA0D2BC3DD32000073FB /* DecisionViewModel.swift */,
				273ADDA02C16B38B006AC677 /* LotteryLogic.swift */,
				8D1931EE2C6BB5EC00F9D2A4 /* Defaults.swift */,
				8D1932612C6E435700F9D2A4 /* PreloadData.swift */,
				8DE2A4BF2C8C163C002BC37F /* DecisionDisplayMode.swift */,
				8DE2A5232C8EE4DC002BC37F /* Decision+.swift */,
			);
			path = Model;
			sourceTree = "<group>";
		};
		273ADCF42C1409AC006AC677 /* Utils */ = {
			isa = PBXGroup;
			children = (
				8DDB820B2C821832005152BE /* IAPManaging */,
				273ADCF52C1409CE006AC677 /* Logging.swift */,
				8D1932592C6E0F0E00F9D2A4 /* Utils.swift */,
				8DF0AA742C8083B800F4FD27 /* CustomFont.swift */,
				8DF0AAAC2C80C11100F4FD27 /* ThemeManager.swift */,
				8DDB81F32C816467005152BE /* PointerView.swift */,
				8DDB81FA2C81B1E3005152BE /* BackgroundContainer.swift */,
				8DE2A5132C8ED99D002BC37F /* LemonForm.swift */,
				8DE2A5382C9016A3002BC37F /* DiceView.swift */,
				8DE2A5402C909194002BC37F /* DeckCardView2.swift */,
				8DE2A5442C913986002BC37F /* SoundPlayer.swift */,
			);
			path = Utils;
			sourceTree = "<group>";
		};
		273ADCF72C14116F006AC677 /* EditView */ = {
			isa = PBXGroup;
			children = (
				8DE2A5082C8EB9F6002BC37F /* ChoiceEditorView */,
				273ADCF82C141193006AC677 /* DecisionEditorView.swift */,
				273ADCFA2C1411A6006AC677 /* DecisionAddView.swift */,
				273ADCFC2C141AEB006AC677 /* CommonEditView.swift */,
				8D1931F02C6BBFA400F9D2A4 /* ChoiceRow.swift */,
				8D19325B2C6E12F400F9D2A4 /* ChoiceAddView.swift */,
				8D19325D2C6E1B8200F9D2A4 /* AddChoiceButton.swift */,
				8DE2A5012C8EB626002BC37F /* ChoicesSection.swift */,
				8DE2A5112C8ED5FB002BC37F /* EditDecisionTitleView.swift */,
			);
			path = EditView;
			sourceTree = "<group>";
		};
		273ADD142C157809006AC677 /* LotteryView */ = {
			isa = PBXGroup;
			children = (
				273ADD152C157830006AC677 /* PieChartView.swift */,
				273ADDA22C16B3B9006AC677 /* ChartView.swift */,
				8D19325F2C6E1E3C00F9D2A4 /* RestoreButton.swift */,
				8D66ECC22C79EA84003557C2 /* MathCalculation.swift */,
				8DDB821F2C82D2CD005152BE /* SpinWheel.swift */,
				8DDB82212C82D2F1005152BE /* SpinWheelCell.swift */,
				8DDB82232C82D3C4005152BE /* SpinWheelCellShape.swift */,
				8DDB82252C82D3FF005152BE /* ChartItemText.swift */,
				8DDB82272C83247F005152BE /* SpinWheelConfiguration.swift */,
			);
			path = LotteryView;
			sourceTree = "<group>";
		};
		2754AA022BC3D0C6000073FB /* View */ = {
			isa = PBXGroup;
			children = (
				8DE2A52E2C8FE4B5002BC37F /* FirstView */,
				8DE2A5152C8EDB3B002BC37F /* DeccisionListView */,
				8DE2A5032C8EB66A002BC37F /* Tips */,
				8DE2A4C12C8C5731002BC37F /* TemplateList */,
				8DDB821A2C82CBB9005152BE /* MainView */,
				8DDB81F52C817A44005152BE /* Premium */,
				8DF0AA6F2C7F6D1F00F4FD27 /* SettingsView */,
				273ADD142C157809006AC677 /* LotteryView */,
				273ADCF72C14116F006AC677 /* EditView */,
				2754AA092BC3DCB8000073FB /* ModelUtil.swift */,
				2754AA052BC3D1BD000073FB /* PointerShape.swift */,
				271DE96A2BD93549005C6405 /* DecisionListItem.swift */,
				273ADCFE2C144C6C006AC677 /* FirstView.swift */,
			);
			path = View;
			sourceTree = "<group>";
		};
		27FCEF9A2BBC6DAF002518E0 = {
			isa = PBXGroup;
			children = (
				8DDB82062C82052C005152BE /* Yuzu DecideEasy.storekit */,
				8DDB82072C820710005152BE /* StoreKitTestCertificate.cer */,
				8D66ECBB2C798442003557C2 /* Launch Screen.storyboard */,
				27FCEFA52BBC6DAF002518E0 /* LittleDecision */,
				27FCEFA42BBC6DAF002518E0 /* Products */,
				8DDB82032C8204F7005152BE /* Frameworks */,
			);
			sourceTree = "<group>";
		};
		27FCEFA42BBC6DAF002518E0 /* Products */ = {
			isa = PBXGroup;
			children = (
				27FCEFA32BBC6DAF002518E0 /* LittleDecision.app */,
			);
			name = Products;
			sourceTree = "<group>";
		};
		27FCEFA52BBC6DAF002518E0 /* LittleDecision */ = {
			isa = PBXGroup;
			children = (
				8DDB822B2C83F883005152BE /* Skin */,
				8D66ED022C7B2231003557C2 /* Info.plist */,
				8D1932642C6E448000F9D2A4 /* Resources */,
				273ADCF42C1409AC006AC677 /* Utils */,
				273ADCF12C13F4C8006AC677 /* Model */,
				2754AA022BC3D0C6000073FB /* View */,
				27FCEFA62BBC6DAF002518E0 /* LittleDecisionApp.swift */,
				27FCEFAC2BBC6DB0002518E0 /* Assets.xcassets */,
				27FCEFAE2BBC6DB0002518E0 /* Preview Content */,
				273ADD122C1554BD006AC677 /* InfoPlist.xcstrings */,
				8D1931E42C6B73DD00F9D2A4 /* .swiftlint.yml */,
				8D1931E62C6B84AB00F9D2A4 /* Localizable.xcstrings */,
				8D1932832C70490C00F9D2A4 /* Constants.swift */,
			);
			path = LittleDecision;
			sourceTree = "<group>";
		};
		27FCEFAE2BBC6DB0002518E0 /* Preview Content */ = {
			isa = PBXGroup;
			children = (
				27FCEFAF2BBC6DB0002518E0 /* Preview Assets.xcassets */,
			);
			path = "Preview Content";
			sourceTree = "<group>";
		};
		8D1932642C6E448000F9D2A4 /* Resources */ = {
			isa = PBXGroup;
			children = (
				8D66ED002C7B21EA003557C2 /* ChillRoundM.otf */,
				8DE2A5272C8F3E34002BC37F /* riffle-shuffle-46706.mp3 */,
				8DE2A5252C8F3C89002BC37F /* flipcard-91468.mp3 */,
				8D66ED032C7B5AD2003557C2 /* 8bit-canon-giulio-fazio-main-version-30900-02-48.mp3 */,
				8D1932632C6E43EC00F9D2A4 /* data.zh.json */,
				8D1932652C6E44B000F9D2A4 /* data.en.json */,
				8D1932662C6E44F100F9D2A4 /* data.tw.json */,
				8D1932672C6E453000F9D2A4 /* data.jp.json */,
				8D1932682C6E455100F9D2A4 /* data.kr.json */,
				8DE2A4C92C8DE953002BC37F /* frequentUsed.json */,
				8DE2A54A2C917BB2002BC37F /* frequentUsed.en.json */,
				8D1932692C6E45F100F9D2A4 /* data.de.json */,
				8D1932702C6E4E5300F9D2A4 /* extract_translation.py */,
			);
			path = Resources;
			sourceTree = "<group>";
		};
		8DDB81F52C817A44005152BE /* Premium */ = {
			isa = PBXGroup;
			children = (
				8DDB81F62C817A5E005152BE /* PremiumView.swift */,
				8DDB82292C83F0F2005152BE /* PremiumIcon.swift */,
			);
			path = Premium;
			sourceTree = "<group>";
		};
		8DDB82032C8204F7005152BE /* Frameworks */ = {
			isa = PBXGroup;
			children = (
				8DDB82042C8204F7005152BE /* StoreKit.framework */,
			);
			name = Frameworks;
			sourceTree = "<group>";
		};
		8DDB820B2C821832005152BE /* IAPManaging */ = {
			isa = PBXGroup;
			children = (
				8DDB820C2C82183E005152BE /* Model */,
			);
			path = IAPManaging;
			sourceTree = "<group>";
		};
		8DDB820C2C82183E005152BE /* Model */ = {
			isa = PBXGroup;
			children = (
				8DDB820D2C82184A005152BE /* IAPError.swift */,
				8DDB820F2C821866005152BE /* SubscriptionInfo.swift */,
				8DDB82112C821878005152BE /* SubscriptionState.swift */,
				8DDB82012C81C7CF005152BE /* PurchaseManager.swift */,
				8DDB82092C8217CF005152BE /* RCConstant.swift */,
				8DDB82142C821FF9005152BE /* SubscriptionViewModel.swift */,
			);
			path = Model;
			sourceTree = "<group>";
		};
		8DDB821A2C82CBB9005152BE /* MainView */ = {
			isa = PBXGroup;
			children = (
				2754AA0F2BC6CA37000073FB /* MainView.swift */,
				8DDB821B2C82CBD1005152BE /* ToolbarView.swift */,
				8DDB821D2C82CCA4005152BE /* SkinListView.swift */,
				8DE2A5212C8EE20E002BC37F /* DecisionView.swift */,
			);
			path = MainView;
			sourceTree = "<group>";
		};
		8DDB822B2C83F883005152BE /* Skin */ = {
			isa = PBXGroup;
			children = (
				8DDB822C2C83F893005152BE /* SkinConfiguration.swift */,
			);
			path = Skin;
			sourceTree = "<group>";
		};
		8DE2A4C12C8C5731002BC37F /* TemplateList */ = {
			isa = PBXGroup;
			children = (
				8DE2A4C22C8C5947002BC37F /* TemplateList.swift */,
				8DE2A5462C914AE4002BC37F /* TemplateKind.swift */,
				8DE2A5482C914B0E002BC37F /* PlaceHolderView.swift */,
			);
			path = TemplateList;
			sourceTree = "<group>";
		};
		8DE2A5032C8EB66A002BC37F /* Tips */ = {
			isa = PBXGroup;
			children = (
				8DE2A5042C8EB688002BC37F /* ChoiceTip.swift */,
				8DE2A5062C8EB6D7002BC37F /* UseDecisionTip.swift */,
			);
			path = Tips;
			sourceTree = "<group>";
		};
		8DE2A5082C8EB9F6002BC37F /* ChoiceEditorView */ = {
			isa = PBXGroup;
			children = (
				8D1932572C6DB42F00F9D2A4 /* ChoiceEditorView.swift */,
				8DE2A5092C8EBA07002BC37F /* ChoiceDetailsSection.swift */,
				8DE2A50B2C8EBA42002BC37F /* WeightInfoSection.swift */,
				8DE2A50D2C8ED2C0002BC37F /* ChoiceTitleView.swift */,
				8DE2A50F2C8ED3FD002BC37F /* ChoiceWeightView.swift */,
			);
			path = ChoiceEditorView;
			sourceTree = "<group>";
		};
		8DE2A5152C8EDB3B002BC37F /* DeccisionListView */ = {
			isa = PBXGroup;
			children = (
				27DB357D2BCCD73000019054 /* DecisionListView.swift */,
				8DE2A5162C8EDB62002BC37F /* DecisionListContentView.swift */,
				8DE2A5182C8EDBA1002BC37F /* DecisionRow.swift */,
				8DE2A51C2C8EDCAE002BC37F /* DeleteDecisionButton.swift */,
				8DE2A51E2C8EDDE1002BC37F /* DecisionListRowLabel.swift */,
			);
			path = DeccisionListView;
			sourceTree = "<group>";
		};
		8DE2A52E2C8FE4B5002BC37F /* FirstView */ = {
			isa = PBXGroup;
			children = (
				8DE2A52F2C8FE4C1002BC37F /* DecisionChoiceTitleView.swift */,
				8DE2A5312C8FE4E6002BC37F /* DecisionTitle.swift */,
			);
			path = FirstView;
			sourceTree = "<group>";
		};
		8DF0AA6F2C7F6D1F00F4FD27 /* SettingsView */ = {
			isa = PBXGroup;
			children = (
				273ADD102C153431006AC677 /* SettingsView.swift */,
				8DDB82182C82C1DA005152BE /* ContactSection.swift */,
			);
			path = SettingsView;
			sourceTree = "<group>";
		};
/* End PBXGroup section */

/* Begin PBXNativeTarget section */
		27FCEFA22BBC6DAF002518E0 /* LittleDecision */ = {
			isa = PBXNativeTarget;
			buildConfigurationList = 27FCEFC92BBC6DB1002518E0 /* Build configuration list for PBXNativeTarget "LittleDecision" */;
			buildPhases = (
				27FCEF9F2BBC6DAF002518E0 /* Sources */,
				27FCEFA02BBC6DAF002518E0 /* Frameworks */,
				27FCEFA12BBC6DAF002518E0 /* Resources */,
				8D1931E52C6B74B800F9D2A4 /* ShellScript */,
			);
			buildRules = (
			);
			dependencies = (
			);
			name = LittleDecision;
			packageProductDependencies = (
				8D1931E92C6BAA7B00F9D2A4 /* LemonViews */,
				8D1931EC2C6BB12D00F9D2A4 /* Defaults */,
				8D66ED062C7B5BA4003557C2 /* Subsonic */,
				8DDB81FD2C81C71B005152BE /* RevenueCat */,
				8DDB81FF2C81C71B005152BE /* RevenueCatUI */,
				8DE2A4C52C8C692B002BC37F /* HorizontalPicker */,
			);
			productName = LittleDecision;
			productReference = 27FCEFA32BBC6DAF002518E0 /* LittleDecision.app */;
			productType = "com.apple.product-type.application";
		};
/* End PBXNativeTarget section */

/* Begin PBXProject section */
		27FCEF9B2BBC6DAF002518E0 /* Project object */ = {
			isa = PBXProject;
			attributes = {
				BuildIndependentTargetsInParallel = 1;
				LastSwiftUpdateCheck = 1530;
				LastUpgradeCheck = 1540;
				TargetAttributes = {
					27FCEFA22BBC6DAF002518E0 = {
						CreatedOnToolsVersion = 15.3;
					};
				};
			};
			buildConfigurationList = 27FCEF9E2BBC6DAF002518E0 /* Build configuration list for PBXProject "LittleDecision" */;
			compatibilityVersion = "Xcode 14.0";
			developmentRegion = en;
			hasScannedForEncodings = 0;
			knownRegions = (
				en,
				Base,
				"zh-Hans",
				"zh-Hant",
				"pt-PT",
				"pt-BR",
				"es-419",
				es,
				fr,
				vi,
			);
			mainGroup = 27FCEF9A2BBC6DAF002518E0;
			packageReferences = (
				8D1931E82C6BAA7B00F9D2A4 /* XCRemoteSwiftPackageReference "LemonViews" */,
				8D1931EB2C6BB12D00F9D2A4 /* XCRemoteSwiftPackageReference "Defaults" */,
				8D66ED052C7B5BA4003557C2 /* XCRemoteSwiftPackageReference "Subsonic" */,
				8DDB81FC2C81C71B005152BE /* XCRemoteSwiftPackageReference "purchases-ios" */,
				8DE2A4C42C8C692B002BC37F /* XCRemoteSwiftPackageReference "HorizontalPicker" */,
			);
			productRefGroup = 27FCEFA42BBC6DAF002518E0 /* Products */;
			projectDirPath = "";
			projectRoot = "";
			targets = (
				27FCEFA22BBC6DAF002518E0 /* LittleDecision */,
			);
		};
/* End PBXProject section */

/* Begin PBXResourcesBuildPhase section */
		27FCEFA12BBC6DAF002518E0 /* Resources */ = {
			isa = PBXResourcesBuildPhase;
			buildActionMask = 2147483647;
			files = (
				8D66ED042C7B5AD2003557C2 /* 8bit-canon-giulio-fazio-main-version-30900-02-48.mp3 in Resources */,
				8DDB82082C820710005152BE /* StoreKitTestCertificate.cer in Resources */,
				8DE2A5282C8F3E34002BC37F /* riffle-shuffle-46706.mp3 in Resources */,
				8D66ED012C7B21F6003557C2 /* ChillRoundM.otf in Resources */,
				273ADD132C1554BD006AC677 /* InfoPlist.xcstrings in Resources */,
				8DE2A4CA2C8DE953002BC37F /* frequentUsed.json in Resources */,
				27FCEFB02BBC6DB0002518E0 /* Preview Assets.xcassets in Resources */,
				8D1931E72C6B84AB00F9D2A4 /* Localizable.xcstrings in Resources */,
				27FCEFAD2BBC6DB0002518E0 /* Assets.xcassets in Resources */,
				8D19326A2C6E47D000F9D2A4 /* data.zh.json in Resources */,
				8D19326B2C6E47D000F9D2A4 /* data.de.json in Resources */,
				8D66ECBC2C798442003557C2 /* Launch Screen.storyboard in Resources */,
				8DE2A54B2C917BB2002BC37F /* frequentUsed.en.json in Resources */,
				8D19326C2C6E47D000F9D2A4 /* data.en.json in Resources */,
				8DE2A5262C8F3C89002BC37F /* flipcard-91468.mp3 in Resources */,
				8DDB822E2C8408C6005152BE /* Yuzu DecideEasy.storekit in Resources */,
				8D19326D2C6E47D000F9D2A4 /* data.jp.json in Resources */,
				8D19326E2C6E47D000F9D2A4 /* data.kr.json in Resources */,
				8D19326F2C6E47D000F9D2A4 /* data.tw.json in Resources */,
			);
			runOnlyForDeploymentPostprocessing = 0;
		};
/* End PBXResourcesBuildPhase section */

/* Begin PBXShellScriptBuildPhase section */
		8D1931E52C6B74B800F9D2A4 /* ShellScript */ = {
			isa = PBXShellScriptBuildPhase;
			buildActionMask = 2147483647;
			files = (
			);
			inputFileListPaths = (
			);
			inputPaths = (
			);
			outputFileListPaths = (
			);
			outputPaths = (
			);
			runOnlyForDeploymentPostprocessing = 0;
			shellPath = /bin/sh;
			shellScript = "if test -d \"/opt/homebrew/bin/\"; then\n  PATH=\"/opt/homebrew/bin/:${PATH}\"\nfi\n\nexport PATH\n\nif which swiftlint >/dev/null; then\n  swiftlint\nelse\n  echo \"warning: SwiftLint not installed, download from https://github.com/realm/SwiftLint\"\nfi\n";
		};
/* End PBXShellScriptBuildPhase section */

/* Begin PBXSourcesBuildPhase section */
		27FCEF9F2BBC6DAF002518E0 /* Sources */ = {
			isa = PBXSourcesBuildPhase;
			buildActionMask = 2147483647;
			files = (
				8DE2A5302C8FE4C1002BC37F /* DecisionChoiceTitleView.swift in Sources */,
				8DE2A5392C9016A3002BC37F /* DiceView.swift in Sources */,
				2754AA0E2BC3DD32000073FB /* DecisionViewModel.swift in Sources */,
				273ADCF62C1409CE006AC677 /* Logging.swift in Sources */,
				8D1932622C6E435700F9D2A4 /* PreloadData.swift in Sources */,
				2754AA0A2BC3DCB8000073FB /* ModelUtil.swift in Sources */,
				2754AA062BC3D1BD000073FB /* PointerShape.swift in Sources */,
				8DE2A4C32C8C5947002BC37F /* TemplateList.swift in Sources */,
				8DDB82222C82D2F1005152BE /* SpinWheelCell.swift in Sources */,
				8DE2A5102C8ED3FD002BC37F /* ChoiceWeightView.swift in Sources */,
				8DDB822D2C83F893005152BE /* SkinConfiguration.swift in Sources */,
				8DE2A51D2C8EDCAE002BC37F /* DeleteDecisionButton.swift in Sources */,
				8DE2A50E2C8ED2C0002BC37F /* ChoiceTitleView.swift in Sources */,
				273ADCFF2C144C6C006AC677 /* FirstView.swift in Sources */,
				8D1932582C6DB42F00F9D2A4 /* ChoiceEditorView.swift in Sources */,
				271DE96B2BD93549005C6405 /* DecisionListItem.swift in Sources */,
				8DDB81F42C816467005152BE /* PointerView.swift in Sources */,
				273ADCFD2C141AEB006AC677 /* CommonEditView.swift in Sources */,
				8DDB82102C821866005152BE /* SubscriptionInfo.swift in Sources */,
				8DDB82022C81C7CF005152BE /* PurchaseManager.swift in Sources */,
				8DE2A5242C8EE4DC002BC37F /* Decision+.swift in Sources */,
				8D1932842C70490C00F9D2A4 /* Constants.swift in Sources */,
				2754AA102BC6CA37000073FB /* MainView.swift in Sources */,
				8DDB82152C821FF9005152BE /* SubscriptionViewModel.swift in Sources */,
				8DE2A4C02C8C163C002BC37F /* DecisionDisplayMode.swift in Sources */,
				8DDB820E2C82184A005152BE /* IAPError.swift in Sources */,
				8DE2A5122C8ED5FB002BC37F /* EditDecisionTitleView.swift in Sources */,
				8DE2A51F2C8EDDE1002BC37F /* DecisionListRowLabel.swift in Sources */,
				8DE2A5142C8ED99D002BC37F /* LemonForm.swift in Sources */,
				8DE2A5052C8EB688002BC37F /* ChoiceTip.swift in Sources */,
				8DDB82242C82D3C4005152BE /* SpinWheelCellShape.swift in Sources */,
				8DE2A5192C8EDBA1002BC37F /* DecisionRow.swift in Sources */,
				8DE2A5222C8EE20E002BC37F /* DecisionView.swift in Sources */,
				8DE2A5072C8EB6D7002BC37F /* UseDecisionTip.swift in Sources */,
				273ADCF92C141193006AC677 /* DecisionEditorView.swift in Sources */,
				8D1932602C6E1E3C00F9D2A4 /* RestoreButton.swift in Sources */,
				8D66ECC32C79EA84003557C2 /* MathCalculation.swift in Sources */,
				8DE2A5412C909194002BC37F /* DeckCardView2.swift in Sources */,
				8D1931F12C6BBFA400F9D2A4 /* ChoiceRow.swift in Sources */,
				8DDB821C2C82CBD1005152BE /* ToolbarView.swift in Sources */,
				8DDB82202C82D2CD005152BE /* SpinWheel.swift in Sources */,
				8DF0AA752C8083B800F4FD27 /* CustomFont.swift in Sources */,
				8D19325E2C6E1B8200F9D2A4 /* AddChoiceButton.swift in Sources */,
				27FCEFA72BBC6DAF002518E0 /* LittleDecisionApp.swift in Sources */,
				8DE2A5472C914AE4002BC37F /* TemplateKind.swift in Sources */,
				8DE2A5172C8EDB62002BC37F /* DecisionListContentView.swift in Sources */,
				27FCEFD32BBC6DF4002518E0 /* Model.swift in Sources */,
				8DDB82262C82D3FF005152BE /* ChartItemText.swift in Sources */,
				8DDB81F72C817A5E005152BE /* PremiumView.swift in Sources */,
				8DE2A50C2C8EBA42002BC37F /* WeightInfoSection.swift in Sources */,
				8DE2A5322C8FE4E6002BC37F /* DecisionTitle.swift in Sources */,
				8DE2A5452C913986002BC37F /* SoundPlayer.swift in Sources */,
				8DDB82122C821878005152BE /* SubscriptionState.swift in Sources */,
				8DF0AAAD2C80C11100F4FD27 /* ThemeManager.swift in Sources */,
				273ADD162C157830006AC677 /* PieChartView.swift in Sources */,
				27DB357E2BCCD73000019054 /* DecisionListView.swift in Sources */,
				273ADDA32C16B3B9006AC677 /* ChartView.swift in Sources */,
				273ADCFB2C1411A6006AC677 /* DecisionAddView.swift in Sources */,
				8DE2A50A2C8EBA07002BC37F /* ChoiceDetailsSection.swift in Sources */,
				8DE2A5022C8EB626002BC37F /* ChoicesSection.swift in Sources */,
				8DDB822A2C83F0F2005152BE /* PremiumIcon.swift in Sources */,
				8DDB81FB2C81B1E3005152BE /* BackgroundContainer.swift in Sources */,
				8D1931EF2C6BB5EC00F9D2A4 /* Defaults.swift in Sources */,
				273ADDA12C16B38B006AC677 /* LotteryLogic.swift in Sources */,
				273ADD112C153431006AC677 /* SettingsView.swift in Sources */,
				8DDB82282C83247F005152BE /* SpinWheelConfiguration.swift in Sources */,
				8DDB821E2C82CCA4005152BE /* SkinListView.swift in Sources */,
				8D19325C2C6E12F400F9D2A4 /* ChoiceAddView.swift in Sources */,
				8DDB820A2C8217CF005152BE /* RCConstant.swift in Sources */,
				8DDB82192C82C1DA005152BE /* ContactSection.swift in Sources */,
				8DE2A5492C914B0E002BC37F /* PlaceHolderView.swift in Sources */,
				8D19325A2C6E0F0E00F9D2A4 /* Utils.swift in Sources */,
			);
			runOnlyForDeploymentPostprocessing = 0;
		};
/* End PBXSourcesBuildPhase section */

/* Begin XCBuildConfiguration section */
		27FCEFC72BBC6DB1002518E0 /* Debug */ = {
			isa = XCBuildConfiguration;
			buildSettings = {
				ALWAYS_SEARCH_USER_PATHS = NO;
				ASSETCATALOG_COMPILER_GENERATE_SWIFT_ASSET_SYMBOL_EXTENSIONS = YES;
				CLANG_ANALYZER_LOCALIZABILITY_NONLOCALIZED = YES;
				CLANG_ANALYZER_NONNULL = YES;
				CLANG_ANALYZER_NUMBER_OBJECT_CONVERSION = YES_AGGRESSIVE;
				CLANG_CXX_LANGUAGE_STANDARD = "gnu++20";
				CLANG_ENABLE_MODULES = YES;
				CLANG_ENABLE_OBJC_ARC = YES;
				CLANG_ENABLE_OBJC_WEAK = YES;
				CLANG_WARN_BLOCK_CAPTURE_AUTORELEASING = YES;
				CLANG_WARN_BOOL_CONVERSION = YES;
				CLANG_WARN_COMMA = YES;
				CLANG_WARN_CONSTANT_CONVERSION = YES;
				CLANG_WARN_DEPRECATED_OBJC_IMPLEMENTATIONS = YES;
				CLANG_WARN_DIRECT_OBJC_ISA_USAGE = YES_ERROR;
				CLANG_WARN_DOCUMENTATION_COMMENTS = YES;
				CLANG_WARN_EMPTY_BODY = YES;
				CLANG_WARN_ENUM_CONVERSION = YES;
				CLANG_WARN_INFINITE_RECURSION = YES;
				CLANG_WARN_INT_CONVERSION = YES;
				CLANG_WARN_NON_LITERAL_NULL_CONVERSION = YES;
				CLANG_WARN_OBJC_IMPLICIT_RETAIN_SELF = YES;
				CLANG_WARN_OBJC_LITERAL_CONVERSION = YES;
				CLANG_WARN_OBJC_ROOT_CLASS = YES_ERROR;
				CLANG_WARN_QUOTED_INCLUDE_IN_FRAMEWORK_HEADER = YES;
				CLANG_WARN_RANGE_LOOP_ANALYSIS = YES;
				CLANG_WARN_STRICT_PROTOTYPES = YES;
				CLANG_WARN_SUSPICIOUS_MOVE = YES;
				CLANG_WARN_UNGUARDED_AVAILABILITY = YES_AGGRESSIVE;
				CLANG_WARN_UNREACHABLE_CODE = YES;
				CLANG_WARN__DUPLICATE_METHOD_MATCH = YES;
				COPY_PHASE_STRIP = NO;
				DEBUG_INFORMATION_FORMAT = dwarf;
				ENABLE_STRICT_OBJC_MSGSEND = YES;
				ENABLE_TESTABILITY = YES;
				ENABLE_USER_SCRIPT_SANDBOXING = NO;
				GCC_C_LANGUAGE_STANDARD = gnu17;
				GCC_DYNAMIC_NO_PIC = NO;
				GCC_NO_COMMON_BLOCKS = YES;
				GCC_OPTIMIZATION_LEVEL = 0;
				GCC_PREPROCESSOR_DEFINITIONS = (
					"DEBUG=1",
					"$(inherited)",
				);
				GCC_WARN_64_TO_32_BIT_CONVERSION = YES;
				GCC_WARN_ABOUT_RETURN_TYPE = YES_ERROR;
				GCC_WARN_UNDECLARED_SELECTOR = YES;
				GCC_WARN_UNINITIALIZED_AUTOS = YES_AGGRESSIVE;
				GCC_WARN_UNUSED_FUNCTION = YES;
				GCC_WARN_UNUSED_VARIABLE = YES;
				IPHONEOS_DEPLOYMENT_TARGET = 17.0;
				LOCALIZATION_PREFERS_STRING_CATALOGS = YES;
				MTL_ENABLE_DEBUG_INFO = INCLUDE_SOURCE;
				MTL_FAST_MATH = YES;
				ONLY_ACTIVE_ARCH = YES;
				SDKROOT = iphoneos;
				SWIFT_ACTIVE_COMPILATION_CONDITIONS = "DEBUG $(inherited)";
				SWIFT_OPTIMIZATION_LEVEL = "-Onone";
			};
			name = Debug;
		};
		27FCEFC82BBC6DB1002518E0 /* Release */ = {
			isa = XCBuildConfiguration;
			buildSettings = {
				ALWAYS_SEARCH_USER_PATHS = NO;
				ASSETCATALOG_COMPILER_GENERATE_SWIFT_ASSET_SYMBOL_EXTENSIONS = YES;
				CLANG_ANALYZER_LOCALIZABILITY_NONLOCALIZED = YES;
				CLANG_ANALYZER_NONNULL = YES;
				CLANG_ANALYZER_NUMBER_OBJECT_CONVERSION = YES_AGGRESSIVE;
				CLANG_CXX_LANGUAGE_STANDARD = "gnu++20";
				CLANG_ENABLE_MODULES = YES;
				CLANG_ENABLE_OBJC_ARC = YES;
				CLANG_ENABLE_OBJC_WEAK = YES;
				CLANG_WARN_BLOCK_CAPTURE_AUTORELEASING = YES;
				CLANG_WARN_BOOL_CONVERSION = YES;
				CLANG_WARN_COMMA = YES;
				CLANG_WARN_CONSTANT_CONVERSION = YES;
				CLANG_WARN_DEPRECATED_OBJC_IMPLEMENTATIONS = YES;
				CLANG_WARN_DIRECT_OBJC_ISA_USAGE = YES_ERROR;
				CLANG_WARN_DOCUMENTATION_COMMENTS = YES;
				CLANG_WARN_EMPTY_BODY = YES;
				CLANG_WARN_ENUM_CONVERSION = YES;
				CLANG_WARN_INFINITE_RECURSION = YES;
				CLANG_WARN_INT_CONVERSION = YES;
				CLANG_WARN_NON_LITERAL_NULL_CONVERSION = YES;
				CLANG_WARN_OBJC_IMPLICIT_RETAIN_SELF = YES;
				CLANG_WARN_OBJC_LITERAL_CONVERSION = YES;
				CLANG_WARN_OBJC_ROOT_CLASS = YES_ERROR;
				CLANG_WARN_QUOTED_INCLUDE_IN_FRAMEWORK_HEADER = YES;
				CLANG_WARN_RANGE_LOOP_ANALYSIS = YES;
				CLANG_WARN_STRICT_PROTOTYPES = YES;
				CLANG_WARN_SUSPICIOUS_MOVE = YES;
				CLANG_WARN_UNGUARDED_AVAILABILITY = YES_AGGRESSIVE;
				CLANG_WARN_UNREACHABLE_CODE = YES;
				CLANG_WARN__DUPLICATE_METHOD_MATCH = YES;
				COPY_PHASE_STRIP = NO;
				DEBUG_INFORMATION_FORMAT = "dwarf-with-dsym";
				ENABLE_NS_ASSERTIONS = NO;
				ENABLE_STRICT_OBJC_MSGSEND = YES;
				ENABLE_USER_SCRIPT_SANDBOXING = NO;
				GCC_C_LANGUAGE_STANDARD = gnu17;
				GCC_NO_COMMON_BLOCKS = YES;
				GCC_WARN_64_TO_32_BIT_CONVERSION = YES;
				GCC_WARN_ABOUT_RETURN_TYPE = YES_ERROR;
				GCC_WARN_UNDECLARED_SELECTOR = YES;
				GCC_WARN_UNINITIALIZED_AUTOS = YES_AGGRESSIVE;
				GCC_WARN_UNUSED_FUNCTION = YES;
				GCC_WARN_UNUSED_VARIABLE = YES;
				IPHONEOS_DEPLOYMENT_TARGET = 17.0;
				LOCALIZATION_PREFERS_STRING_CATALOGS = YES;
				MTL_ENABLE_DEBUG_INFO = NO;
				MTL_FAST_MATH = YES;
				SDKROOT = iphoneos;
				SWIFT_COMPILATION_MODE = wholemodule;
				VALIDATE_PRODUCT = YES;
			};
			name = Release;
		};
		27FCEFCA2BBC6DB1002518E0 /* Debug */ = {
			isa = XCBuildConfiguration;
			buildSettings = {
				ASSETCATALOG_COMPILER_APPICON_NAME = AppIcon;
				ASSETCATALOG_COMPILER_GLOBAL_ACCENT_COLOR_NAME = AccentColor;
				CODE_SIGN_STYLE = Automatic;
				CURRENT_PROJECT_VERSION = 2;
				DEBUG_INFORMATION_FORMAT = "dwarf-with-dsym";
				DEVELOPMENT_ASSET_PATHS = "\"LittleDecision/Preview Content\"";
				DEVELOPMENT_TEAM = S3879FFC37;
				ENABLE_APP_SANDBOX = NO;
				ENABLE_PREVIEWS = YES;
				GENERATE_INFOPLIST_FILE = YES;
				INFOPLIST_FILE = LittleDecision/Info.plist;
				INFOPLIST_KEY_LSApplicationCategoryType = "public.app-category.entertainment";
				INFOPLIST_KEY_UIApplicationSceneManifest_Generation = YES;
				INFOPLIST_KEY_UIApplicationSupportsIndirectInputEvents = YES;
				INFOPLIST_KEY_UILaunchScreen_Generation = YES;
				INFOPLIST_KEY_UIRequiresFullScreen = YES;
				INFOPLIST_KEY_UISupportedInterfaceOrientations = UIInterfaceOrientationPortrait;
				INFOPLIST_KEY_UISupportedInterfaceOrientations_iPad = UIInterfaceOrientationPortrait;
				LD_RUNPATH_SEARCH_PATHS = (
					"$(inherited)",
					"@executable_path/Frameworks",
				);
				MARKETING_VERSION = 1.5;
				PRODUCT_BUNDLE_IDENTIFIER = top.lemonapp.LittleDecision;
				PRODUCT_NAME = "$(TARGET_NAME)";
				SUPPORTED_PLATFORMS = "iphoneos iphonesimulator";
				SUPPORTS_MACCATALYST = NO;
				SUPPORTS_MAC_DESIGNED_FOR_IPHONE_IPAD = NO;
				SUPPORTS_XR_DESIGNED_FOR_IPHONE_IPAD = NO;
				SWIFT_EMIT_LOC_STRINGS = YES;
				SWIFT_VERSION = 5.0;
				TARGETED_DEVICE_FAMILY = "1,2";
			};
			name = Debug;
		};
		27FCEFCB2BBC6DB1002518E0 /* Release */ = {
			isa = XCBuildConfiguration;
			buildSettings = {
				ASSETCATALOG_COMPILER_APPICON_NAME = AppIcon;
				ASSETCATALOG_COMPILER_GLOBAL_ACCENT_COLOR_NAME = AccentColor;
				CODE_SIGN_STYLE = Automatic;
				CURRENT_PROJECT_VERSION = 2;
				DEVELOPMENT_ASSET_PATHS = "\"LittleDecision/Preview Content\"";
				DEVELOPMENT_TEAM = S3879FFC37;
				ENABLE_APP_SANDBOX = NO;
				ENABLE_PREVIEWS = YES;
				GENERATE_INFOPLIST_FILE = YES;
				INFOPLIST_FILE = LittleDecision/Info.plist;
				INFOPLIST_KEY_LSApplicationCategoryType = "public.app-category.entertainment";
				INFOPLIST_KEY_UIApplicationSceneManifest_Generation = YES;
				INFOPLIST_KEY_UIApplicationSupportsIndirectInputEvents = YES;
				INFOPLIST_KEY_UILaunchScreen_Generation = YES;
				INFOPLIST_KEY_UIRequiresFullScreen = YES;
				INFOPLIST_KEY_UISupportedInterfaceOrientations = UIInterfaceOrientationPortrait;
				INFOPLIST_KEY_UISupportedInterfaceOrientations_iPad = UIInterfaceOrientationPortrait;
				LD_RUNPATH_SEARCH_PATHS = (
					"$(inherited)",
					"@executable_path/Frameworks",
				);
				MARKETING_VERSION = 1.5;
				PRODUCT_BUNDLE_IDENTIFIER = top.lemonapp.LittleDecision;
				PRODUCT_NAME = "$(TARGET_NAME)";
				SUPPORTED_PLATFORMS = "iphoneos iphonesimulator";
				SUPPORTS_MACCATALYST = NO;
				SUPPORTS_MAC_DESIGNED_FOR_IPHONE_IPAD = NO;
				SUPPORTS_XR_DESIGNED_FOR_IPHONE_IPAD = NO;
				SWIFT_EMIT_LOC_STRINGS = YES;
				SWIFT_VERSION = 5.0;
				TARGETED_DEVICE_FAMILY = "1,2";
			};
			name = Release;
		};
/* End XCBuildConfiguration section */

/* Begin XCConfigurationList section */
		27FCEF9E2BBC6DAF002518E0 /* Build configuration list for PBXProject "LittleDecision" */ = {
			isa = XCConfigurationList;
			buildConfigurations = (
				27FCEFC72BBC6DB1002518E0 /* Debug */,
				27FCEFC82BBC6DB1002518E0 /* Release */,
			);
			defaultConfigurationIsVisible = 0;
			defaultConfigurationName = Release;
		};
		27FCEFC92BBC6DB1002518E0 /* Build configuration list for PBXNativeTarget "LittleDecision" */ = {
			isa = XCConfigurationList;
			buildConfigurations = (
				27FCEFCA2BBC6DB1002518E0 /* Debug */,
				27FCEFCB2BBC6DB1002518E0 /* Release */,
			);
			defaultConfigurationIsVisible = 0;
			defaultConfigurationName = Release;
		};
/* End XCConfigurationList section */

/* Begin XCRemoteSwiftPackageReference section */
		8D1931E82C6BAA7B00F9D2A4 /* XCRemoteSwiftPackageReference "LemonViews" */ = {
			isa = XCRemoteSwiftPackageReference;
			repositoryURL = "https://github.com/ailu2533/LemonViews.git";
			requirement = {
				branch = main;
				kind = branch;
			};
		};
		8D1931EB2C6BB12D00F9D2A4 /* XCRemoteSwiftPackageReference "Defaults" */ = {
			isa = XCRemoteSwiftPackageReference;
			repositoryURL = "https://github.com/sindresorhus/Defaults.git";
			requirement = {
				branch = main;
				kind = branch;
			};
		};
		8D66ED052C7B5BA4003557C2 /* XCRemoteSwiftPackageReference "Subsonic" */ = {
			isa = XCRemoteSwiftPackageReference;
			repositoryURL = "https://github.com/twostraws/Subsonic.git";
			requirement = {
				kind = upToNextMajorVersion;
				minimumVersion = 0.2.0;
			};
		};
		8DDB81FC2C81C71B005152BE /* XCRemoteSwiftPackageReference "purchases-ios" */ = {
			isa = XCRemoteSwiftPackageReference;
			repositoryURL = "https://github.com/RevenueCat/purchases-ios.git";
			requirement = {
				kind = upToNextMajorVersion;
				minimumVersion = 5.3.0;
			};
		};
		8DE2A4C42C8C692B002BC37F /* XCRemoteSwiftPackageReference "HorizontalPicker" */ = {
			isa = XCRemoteSwiftPackageReference;
			repositoryURL = "https://github.com/ailu2533/HorizontalPicker.git";
			requirement = {
				branch = main;
				kind = branch;
			};
		};
/* End XCRemoteSwiftPackageReference section */

/* Begin XCSwiftPackageProductDependency section */
		8D1931E92C6BAA7B00F9D2A4 /* LemonViews */ = {
			isa = XCSwiftPackageProductDependency;
			package = 8D1931E82C6BAA7B00F9D2A4 /* XCRemoteSwiftPackageReference "LemonViews" */;
			productName = LemonViews;
		};
		8D1931EC2C6BB12D00F9D2A4 /* Defaults */ = {
			isa = XCSwiftPackageProductDependency;
			package = 8D1931EB2C6BB12D00F9D2A4 /* XCRemoteSwiftPackageReference "Defaults" */;
			productName = Defaults;
		};
		8D66ED062C7B5BA4003557C2 /* Subsonic */ = {
			isa = XCSwiftPackageProductDependency;
			package = 8D66ED052C7B5BA4003557C2 /* XCRemoteSwiftPackageReference "Subsonic" */;
			productName = Subsonic;
		};
		8DDB81FD2C81C71B005152BE /* RevenueCat */ = {
			isa = XCSwiftPackageProductDependency;
			package = 8DDB81FC2C81C71B005152BE /* XCRemoteSwiftPackageReference "purchases-ios" */;
			productName = RevenueCat;
		};
		8DDB81FF2C81C71B005152BE /* RevenueCatUI */ = {
			isa = XCSwiftPackageProductDependency;
			package = 8DDB81FC2C81C71B005152BE /* XCRemoteSwiftPackageReference "purchases-ios" */;
			productName = RevenueCatUI;
		};
		8DE2A4C52C8C692B002BC37F /* HorizontalPicker */ = {
			isa = XCSwiftPackageProductDependency;
			package = 8DE2A4C42C8C692B002BC37F /* XCRemoteSwiftPackageReference "HorizontalPicker" */;
			productName = HorizontalPicker;
		};
/* End XCSwiftPackageProductDependency section */
	};
	rootObject = 27FCEF9B2BBC6DAF002518E0 /* Project object */;
}
