// !$*UTF8*$!
{
	archiveVersion = 1;
	classes = {
	};
	objectVersion = 70;
	objects = {

/* Begin PBXBuildFile section */
		847E6533850C4C15BB78FD7A /* Sentry in Frameworks */ = {isa = PBXBuildFile; productRef = 00333968733A48FD9F279F4F /* Sentry */; };
		8D1931EA2C6BAA7B00F9D2A4 /* LemonViews in Frameworks */ = {isa = PBXBuildFile; productRef = 8D1931E92C6BAA7B00F9D2A4 /* LemonViews */; };
		8D1931ED2C6BB12D00F9D2A4 /* Defaults in Frameworks */ = {isa = PBXBuildFile; productRef = 8D1931EC2C6BB12D00F9D2A4 /* Defaults */; };
		8D66ECBC2C798442003557C2 /* Launch Screen.storyboard in Resources */ = {isa = PBXBuildFile; fileRef = 8D66ECBB2C798442003557C2 /* Launch Screen.storyboard */; };
		8D66ED072C7B5BA4003557C2 /* Subsonic in Frameworks */ = {isa = PBXBuildFile; productRef = 8D66ED062C7B5BA4003557C2 /* Subsonic */; };
		8D8109A42CABFDE5000FB1FB /* SwiftUIX in Frameworks */ = {isa = PBXBuildFile; productRef = 8D8109A32CABFDE5000FB1FB /* SwiftUIX */; };
		8DC1AC722C98668800BB3645 /* SpinWheel in Frameworks */ = {isa = PBXBuildFile; productRef = 8DC1AC712C98668800BB3645 /* SpinWheel */; };
		8DDB81FE2C81C71B005152BE /* RevenueCat in Frameworks */ = {isa = PBXBuildFile; productRef = 8DDB81FD2C81C71B005152BE /* RevenueCat */; };
		8DDB82002C81C71B005152BE /* RevenueCatUI in Frameworks */ = {isa = PBXBuildFile; productRef = 8DDB81FF2C81C71B005152BE /* RevenueCatUI */; };
		8DDB82052C8204F7005152BE /* StoreKit.framework in Frameworks */ = {isa = PBXBuildFile; fileRef = 8DDB82042C8204F7005152BE /* StoreKit.framework */; };
		8DDB822E2C8408C6005152BE /* Yuzu DecideEasy.storekit in Resources */ = {isa = PBXBuildFile; fileRef = 8DDB82062C82052C005152BE /* Yuzu DecideEasy.storekit */; };
		8DE2A4C62C8C692B002BC37F /* HorizontalPicker in Frameworks */ = {isa = PBXBuildFile; productRef = 8DE2A4C52C8C692B002BC37F /* HorizontalPicker */; };
/* End PBXBuildFile section */

/* Begin PBXFileReference section */
		27FCEFA32BBC6DAF002518E0 /* LittleDecision.app */ = {isa = PBXFileReference; explicitFileType = wrapper.application; includeInIndex = 0; path = LittleDecision.app; sourceTree = BUILT_PRODUCTS_DIR; };
		8D66ECBB2C798442003557C2 /* Launch Screen.storyboard */ = {isa = PBXFileReference; lastKnownFileType = file.storyboard; path = "Launch Screen.storyboard"; sourceTree = "<group>"; };
		8DDB82042C8204F7005152BE /* StoreKit.framework */ = {isa = PBXFileReference; lastKnownFileType = wrapper.framework; name = StoreKit.framework; path = System/Library/Frameworks/StoreKit.framework; sourceTree = SDKROOT; };
		8DDB82062C82052C005152BE /* Yuzu DecideEasy.storekit */ = {isa = PBXFileReference; lastKnownFileType = text; path = "Yuzu DecideEasy.storekit"; sourceTree = "<group>"; };
/* End PBXFileReference section */

/* Begin PBXFileSystemSynchronizedBuildFileExceptionSet section */
		8DEC621F2CD0EA9100565258 /* PBXFileSystemSynchronizedBuildFileExceptionSet */ = {
			isa = PBXFileSystemSynchronizedBuildFileExceptionSet;
			membershipExceptions = (
				.swiftlint.yml,
				Info.plist,
				Resources/extract_translation.py,
			);
			target = 27FCEFA22BBC6DAF002518E0 /* LittleDecision */;
		};
/* End PBXFileSystemSynchronizedBuildFileExceptionSet section */

/* Begin PBXFileSystemSynchronizedRootGroup section */
		8DEC61C02CD0EA9100565258 /* LittleDecision */ = {isa = PBXFileSystemSynchronizedRootGroup; exceptions = (8DEC621F2CD0EA9100565258 /* PBXFileSystemSynchronizedBuildFileExceptionSet */, ); explicitFileTypes = {}; explicitFolders = (); path = LittleDecision; sourceTree = "<group>"; };
/* End PBXFileSystemSynchronizedRootGroup section */

/* Begin PBXFrameworksBuildPhase section */
		27FCEFA02BBC6DAF002518E0 /* Frameworks */ = {
			isa = PBXFrameworksBuildPhase;
			buildActionMask = 2147483647;
			files = (
				8D8109A42CABFDE5000FB1FB /* SwiftUIX in Frameworks */,
				8DE2A4C62C8C692B002BC37F /* HorizontalPicker in Frameworks */,
				8DDB81FE2C81C71B005152BE /* RevenueCat in Frameworks */,
				8D66ED072C7B5BA4003557C2 /* Subsonic in Frameworks */,
				8D1931ED2C6BB12D00F9D2A4 /* Defaults in Frameworks */,
				8DDB82052C8204F7005152BE /* StoreKit.framework in Frameworks */,
				8DDB82002C81C71B005152BE /* RevenueCatUI in Frameworks */,
				8D1931EA2C6BAA7B00F9D2A4 /* LemonViews in Frameworks */,
				8DC1AC722C98668800BB3645 /* SpinWheel in Frameworks */,
				847E6533850C4C15BB78FD7A /* Sentry in Frameworks */,
			);
			runOnlyForDeploymentPostprocessing = 0;
		};
/* End PBXFrameworksBuildPhase section */

/* Begin PBXGroup section */
		27FCEF9A2BBC6DAF002518E0 = {
			isa = PBXGroup;
			children = (
				8DDB82062C82052C005152BE /* Yuzu DecideEasy.storekit */,
				8D66ECBB2C798442003557C2 /* Launch Screen.storyboard */,
				8DEC61C02CD0EA9100565258 /* LittleDecision */,
				27FCEFA42BBC6DAF002518E0 /* Products */,
				8DDB82032C8204F7005152BE /* Frameworks */,
			);
			sourceTree = "<group>";
		};
		27FCEFA42BBC6DAF002518E0 /* Products */ = {
			isa = PBXGroup;
			children = (
				27FCEFA32BBC6DAF002518E0 /* LittleDecision.app */,
			);
			name = Products;
			sourceTree = "<group>";
		};
		8DDB82032C8204F7005152BE /* Frameworks */ = {
			isa = PBXGroup;
			children = (
				8DDB82042C8204F7005152BE /* StoreKit.framework */,
			);
			name = Frameworks;
			sourceTree = "<group>";
		};
/* End PBXGroup section */

/* Begin PBXNativeTarget section */
		27FCEFA22BBC6DAF002518E0 /* LittleDecision */ = {
			isa = PBXNativeTarget;
			buildConfigurationList = 27FCEFC92BBC6DB1002518E0 /* Build configuration list for PBXNativeTarget "LittleDecision" */;
			buildPhases = (
				27FCEF9F2BBC6DAF002518E0 /* Sources */,
				27FCEFA02BBC6DAF002518E0 /* Frameworks */,
				27FCEFA12BBC6DAF002518E0 /* Resources */,
				8D1931E52C6B74B800F9D2A4 /* ShellScript */,
				FA83D731CEF547E2A0281532 /* Upload Debug Symbols to Sentry */,
			);
			buildRules = (
			);
			dependencies = (
			);
			fileSystemSynchronizedGroups = (
				8DEC61C02CD0EA9100565258 /* LittleDecision */,
			);
			name = LittleDecision;
			packageProductDependencies = (
				8D1931E92C6BAA7B00F9D2A4 /* LemonViews */,
				8D1931EC2C6BB12D00F9D2A4 /* Defaults */,
				8D66ED062C7B5BA4003557C2 /* Subsonic */,
				8DDB81FD2C81C71B005152BE /* RevenueCat */,
				8DDB81FF2C81C71B005152BE /* RevenueCatUI */,
				8DE2A4C52C8C692B002BC37F /* HorizontalPicker */,
				8DC1AC712C98668800BB3645 /* SpinWheel */,
				8D8109A32CABFDE5000FB1FB /* SwiftUIX */,
				00333968733A48FD9F279F4F /* Sentry */,
			);
			productName = LittleDecision;
			productReference = 27FCEFA32BBC6DAF002518E0 /* LittleDecision.app */;
			productType = "com.apple.product-type.application";
		};
/* End PBXNativeTarget section */

/* Begin PBXProject section */
		27FCEF9B2BBC6DAF002518E0 /* Project object */ = {
			isa = PBXProject;
			attributes = {
				BuildIndependentTargetsInParallel = 1;
				LastSwiftUpdateCheck = 1530;
				LastUpgradeCheck = 1540;
				TargetAttributes = {
					27FCEFA22BBC6DAF002518E0 = {
						CreatedOnToolsVersion = 15.3;
					};
				};
			};
			buildConfigurationList = 27FCEF9E2BBC6DAF002518E0 /* Build configuration list for PBXProject "LittleDecision" */;
			compatibilityVersion = "Xcode 14.0";
			developmentRegion = en;
			hasScannedForEncodings = 0;
			knownRegions = (
				en,
				Base,
				"zh-Hans",
				"zh-Hant",
				"pt-PT",
				"pt-BR",
				"es-419",
				es,
				fr,
				vi,
				el,
			);
			mainGroup = 27FCEF9A2BBC6DAF002518E0;
			packageReferences = (
				8D1931E82C6BAA7B00F9D2A4 /* XCRemoteSwiftPackageReference "LemonViews" */,
				8D1931EB2C6BB12D00F9D2A4 /* XCRemoteSwiftPackageReference "Defaults" */,
				8D66ED052C7B5BA4003557C2 /* XCRemoteSwiftPackageReference "Subsonic" */,
				8DDB81FC2C81C71B005152BE /* XCRemoteSwiftPackageReference "purchases-ios" */,
				8DE2A4C42C8C692B002BC37F /* XCRemoteSwiftPackageReference "HorizontalPicker" */,
				8D8109A12CABFDAF000FB1FB /* XCRemoteSwiftPackageReference "SpinWheel" */,
				8D8109A22CABFDE5000FB1FB /* XCRemoteSwiftPackageReference "SwiftUIX" */,
				9318866BACC941ACA07F80F0 /* XCRemoteSwiftPackageReference "sentry-cocoa" */,
			);
			productRefGroup = 27FCEFA42BBC6DAF002518E0 /* Products */;
			projectDirPath = "";
			projectRoot = "";
			targets = (
				27FCEFA22BBC6DAF002518E0 /* LittleDecision */,
			);
		};
/* End PBXProject section */

/* Begin PBXResourcesBuildPhase section */
		27FCEFA12BBC6DAF002518E0 /* Resources */ = {
			isa = PBXResourcesBuildPhase;
			buildActionMask = 2147483647;
			files = (
				8D66ECBC2C798442003557C2 /* Launch Screen.storyboard in Resources */,
				8DDB822E2C8408C6005152BE /* Yuzu DecideEasy.storekit in Resources */,
			);
			runOnlyForDeploymentPostprocessing = 0;
		};
/* End PBXResourcesBuildPhase section */

/* Begin PBXShellScriptBuildPhase section */
		8D1931E52C6B74B800F9D2A4 /* ShellScript */ = {
			isa = PBXShellScriptBuildPhase;
			buildActionMask = 2147483647;
			files = (
			);
			inputFileListPaths = (
			);
			inputPaths = (
			);
			outputFileListPaths = (
			);
			outputPaths = (
			);
			runOnlyForDeploymentPostprocessing = 0;
			shellPath = /bin/sh;
			shellScript = "if test -d \"/opt/homebrew/bin/\"; then\n  PATH=\"/opt/homebrew/bin/:${PATH}\"\nfi\n\nexport PATH\n\nif which swiftlint >/dev/null; then\n  swiftlint\nelse\n  echo \"warning: SwiftLint not installed, download from https://github.com/realm/SwiftLint\"\nfi\n";
		};
		FA83D731CEF547E2A0281532 /* Upload Debug Symbols to Sentry */ = {
			isa = PBXShellScriptBuildPhase;
			buildActionMask = 2147483647;
			files = (
			);
			inputPaths = (
				"${DWARF_DSYM_FOLDER_PATH}/${DWARF_DSYM_FILE_NAME}/Contents/Resources/DWARF/${TARGET_NAME}",
			);
			name = "Upload Debug Symbols to Sentry";
			outputPaths = (
			);
			runOnlyForDeploymentPostprocessing = 0;
			shellPath = /bin/sh;
			shellScript = "# This script is responsable to upload debug symbols and source context for Sentry.\nif which sentry-cli >/dev/null; then\nexport SENTRY_ORG=ai-to\nexport SENTRY_PROJECT=yuzu-decisions\nERROR=$(sentry-cli debug-files upload --include-sources \"$DWARF_DSYM_FOLDER_PATH\" 2>&1 >/dev/null)\nif [ ! $? -eq 0 ]; then\necho \"warning: sentry-cli - $ERROR\"\nfi\nelse\necho \"warning: sentry-cli not installed, download from https://github.com/getsentry/sentry-cli/releases\"\nfi\n";
		};
/* End PBXShellScriptBuildPhase section */

/* Begin PBXSourcesBuildPhase section */
		27FCEF9F2BBC6DAF002518E0 /* Sources */ = {
			isa = PBXSourcesBuildPhase;
			buildActionMask = 2147483647;
			files = (
			);
			runOnlyForDeploymentPostprocessing = 0;
		};
/* End PBXSourcesBuildPhase section */

/* Begin XCBuildConfiguration section */
		27FCEFC72BBC6DB1002518E0 /* Debug */ = {
			isa = XCBuildConfiguration;
			buildSettings = {
				ALWAYS_SEARCH_USER_PATHS = NO;
				ASSETCATALOG_COMPILER_GENERATE_SWIFT_ASSET_SYMBOL_EXTENSIONS = YES;
				CLANG_ANALYZER_LOCALIZABILITY_NONLOCALIZED = YES;
				CLANG_ANALYZER_NONNULL = YES;
				CLANG_ANALYZER_NUMBER_OBJECT_CONVERSION = YES_AGGRESSIVE;
				CLANG_CXX_LANGUAGE_STANDARD = "gnu++20";
				CLANG_ENABLE_MODULES = YES;
				CLANG_ENABLE_OBJC_ARC = YES;
				CLANG_ENABLE_OBJC_WEAK = YES;
				CLANG_WARN_BLOCK_CAPTURE_AUTORELEASING = YES;
				CLANG_WARN_BOOL_CONVERSION = YES;
				CLANG_WARN_COMMA = YES;
				CLANG_WARN_CONSTANT_CONVERSION = YES;
				CLANG_WARN_DEPRECATED_OBJC_IMPLEMENTATIONS = YES;
				CLANG_WARN_DIRECT_OBJC_ISA_USAGE = YES_ERROR;
				CLANG_WARN_DOCUMENTATION_COMMENTS = YES;
				CLANG_WARN_EMPTY_BODY = YES;
				CLANG_WARN_ENUM_CONVERSION = YES;
				CLANG_WARN_INFINITE_RECURSION = YES;
				CLANG_WARN_INT_CONVERSION = YES;
				CLANG_WARN_NON_LITERAL_NULL_CONVERSION = YES;
				CLANG_WARN_OBJC_IMPLICIT_RETAIN_SELF = YES;
				CLANG_WARN_OBJC_LITERAL_CONVERSION = YES;
				CLANG_WARN_OBJC_ROOT_CLASS = YES_ERROR;
				CLANG_WARN_QUOTED_INCLUDE_IN_FRAMEWORK_HEADER = YES;
				CLANG_WARN_RANGE_LOOP_ANALYSIS = YES;
				CLANG_WARN_STRICT_PROTOTYPES = YES;
				CLANG_WARN_SUSPICIOUS_MOVE = YES;
				CLANG_WARN_UNGUARDED_AVAILABILITY = YES_AGGRESSIVE;
				CLANG_WARN_UNREACHABLE_CODE = YES;
				CLANG_WARN__DUPLICATE_METHOD_MATCH = YES;
				COPY_PHASE_STRIP = NO;
				DEBUG_INFORMATION_FORMAT = dwarf;
				ENABLE_STRICT_OBJC_MSGSEND = YES;
				ENABLE_TESTABILITY = YES;
				ENABLE_USER_SCRIPT_SANDBOXING = NO;
				GCC_C_LANGUAGE_STANDARD = gnu17;
				GCC_DYNAMIC_NO_PIC = NO;
				GCC_NO_COMMON_BLOCKS = YES;
				GCC_OPTIMIZATION_LEVEL = 0;
				GCC_PREPROCESSOR_DEFINITIONS = (
					"DEBUG=1",
					"$(inherited)",
				);
				GCC_WARN_64_TO_32_BIT_CONVERSION = YES;
				GCC_WARN_ABOUT_RETURN_TYPE = YES_ERROR;
				GCC_WARN_UNDECLARED_SELECTOR = YES;
				GCC_WARN_UNINITIALIZED_AUTOS = YES_AGGRESSIVE;
				GCC_WARN_UNUSED_FUNCTION = YES;
				GCC_WARN_UNUSED_VARIABLE = YES;
				IPHONEOS_DEPLOYMENT_TARGET = 17.0;
				LOCALIZATION_PREFERS_STRING_CATALOGS = YES;
				MTL_ENABLE_DEBUG_INFO = INCLUDE_SOURCE;
				MTL_FAST_MATH = YES;
				ONLY_ACTIVE_ARCH = YES;
				SDKROOT = iphoneos;
				SWIFT_ACTIVE_COMPILATION_CONDITIONS = "DEBUG $(inherited)";
				SWIFT_OPTIMIZATION_LEVEL = "-Onone";
			};
			name = Debug;
		};
		27FCEFC82BBC6DB1002518E0 /* Release */ = {
			isa = XCBuildConfiguration;
			buildSettings = {
				ALWAYS_SEARCH_USER_PATHS = NO;
				ASSETCATALOG_COMPILER_GENERATE_SWIFT_ASSET_SYMBOL_EXTENSIONS = YES;
				CLANG_ANALYZER_LOCALIZABILITY_NONLOCALIZED = YES;
				CLANG_ANALYZER_NONNULL = YES;
				CLANG_ANALYZER_NUMBER_OBJECT_CONVERSION = YES_AGGRESSIVE;
				CLANG_CXX_LANGUAGE_STANDARD = "gnu++20";
				CLANG_ENABLE_MODULES = YES;
				CLANG_ENABLE_OBJC_ARC = YES;
				CLANG_ENABLE_OBJC_WEAK = YES;
				CLANG_WARN_BLOCK_CAPTURE_AUTORELEASING = YES;
				CLANG_WARN_BOOL_CONVERSION = YES;
				CLANG_WARN_COMMA = YES;
				CLANG_WARN_CONSTANT_CONVERSION = YES;
				CLANG_WARN_DEPRECATED_OBJC_IMPLEMENTATIONS = YES;
				CLANG_WARN_DIRECT_OBJC_ISA_USAGE = YES_ERROR;
				CLANG_WARN_DOCUMENTATION_COMMENTS = YES;
				CLANG_WARN_EMPTY_BODY = YES;
				CLANG_WARN_ENUM_CONVERSION = YES;
				CLANG_WARN_INFINITE_RECURSION = YES;
				CLANG_WARN_INT_CONVERSION = YES;
				CLANG_WARN_NON_LITERAL_NULL_CONVERSION = YES;
				CLANG_WARN_OBJC_IMPLICIT_RETAIN_SELF = YES;
				CLANG_WARN_OBJC_LITERAL_CONVERSION = YES;
				CLANG_WARN_OBJC_ROOT_CLASS = YES_ERROR;
				CLANG_WARN_QUOTED_INCLUDE_IN_FRAMEWORK_HEADER = YES;
				CLANG_WARN_RANGE_LOOP_ANALYSIS = YES;
				CLANG_WARN_STRICT_PROTOTYPES = YES;
				CLANG_WARN_SUSPICIOUS_MOVE = YES;
				CLANG_WARN_UNGUARDED_AVAILABILITY = YES_AGGRESSIVE;
				CLANG_WARN_UNREACHABLE_CODE = YES;
				CLANG_WARN__DUPLICATE_METHOD_MATCH = YES;
				COPY_PHASE_STRIP = NO;
				DEBUG_INFORMATION_FORMAT = "dwarf-with-dsym";
				ENABLE_NS_ASSERTIONS = NO;
				ENABLE_STRICT_OBJC_MSGSEND = YES;
				ENABLE_USER_SCRIPT_SANDBOXING = NO;
				GCC_C_LANGUAGE_STANDARD = gnu17;
				GCC_NO_COMMON_BLOCKS = YES;
				GCC_WARN_64_TO_32_BIT_CONVERSION = YES;
				GCC_WARN_ABOUT_RETURN_TYPE = YES_ERROR;
				GCC_WARN_UNDECLARED_SELECTOR = YES;
				GCC_WARN_UNINITIALIZED_AUTOS = YES_AGGRESSIVE;
				GCC_WARN_UNUSED_FUNCTION = YES;
				GCC_WARN_UNUSED_VARIABLE = YES;
				IPHONEOS_DEPLOYMENT_TARGET = 17.0;
				LOCALIZATION_PREFERS_STRING_CATALOGS = YES;
				MTL_ENABLE_DEBUG_INFO = NO;
				MTL_FAST_MATH = YES;
				SDKROOT = iphoneos;
				SWIFT_COMPILATION_MODE = wholemodule;
				VALIDATE_PRODUCT = YES;
			};
			name = Release;
		};
		27FCEFCA2BBC6DB1002518E0 /* Debug */ = {
			isa = XCBuildConfiguration;
			buildSettings = {
				ASSETCATALOG_COMPILER_APPICON_NAME = AppIcon;
				ASSETCATALOG_COMPILER_GLOBAL_ACCENT_COLOR_NAME = AccentColor;
				CODE_SIGN_ENTITLEMENTS = LittleDecision/LittleDecision.entitlements;
				CODE_SIGN_STYLE = Automatic;
				CURRENT_PROJECT_VERSION = 1;
				DEBUG_INFORMATION_FORMAT = "dwarf-with-dsym";
				DEVELOPMENT_ASSET_PATHS = "\"LittleDecision/Preview Content\"";
				DEVELOPMENT_TEAM = S3879FFC37;
				ENABLE_APP_SANDBOX = NO;
				ENABLE_PREVIEWS = YES;
				ENABLE_USER_SCRIPT_SANDBOXING = NO;
				GENERATE_INFOPLIST_FILE = YES;
				INFOPLIST_FILE = LittleDecision/Info.plist;
				INFOPLIST_KEY_LSApplicationCategoryType = "public.app-category.entertainment";
				INFOPLIST_KEY_UIApplicationSceneManifest_Generation = YES;
				INFOPLIST_KEY_UIApplicationSupportsIndirectInputEvents = YES;
				INFOPLIST_KEY_UILaunchScreen_Generation = YES;
				INFOPLIST_KEY_UIRequiresFullScreen = YES;
				INFOPLIST_KEY_UISupportedInterfaceOrientations = UIInterfaceOrientationPortrait;
				INFOPLIST_KEY_UISupportedInterfaceOrientations_iPad = UIInterfaceOrientationPortrait;
				LD_RUNPATH_SEARCH_PATHS = (
					"$(inherited)",
					"@executable_path/Frameworks",
				);
				MARKETING_VERSION = 1.7;
				PRODUCT_BUNDLE_IDENTIFIER = top.lemonapp.LittleDecision;
				PRODUCT_NAME = "$(TARGET_NAME)";
				SUPPORTED_PLATFORMS = "iphoneos iphonesimulator";
				SUPPORTS_MACCATALYST = NO;
				SUPPORTS_MAC_DESIGNED_FOR_IPHONE_IPAD = NO;
				SUPPORTS_XR_DESIGNED_FOR_IPHONE_IPAD = NO;
				SWIFT_EMIT_LOC_STRINGS = YES;
				SWIFT_VERSION = 5.0;
				TARGETED_DEVICE_FAMILY = "1,2";
			};
			name = Debug;
		};
		27FCEFCB2BBC6DB1002518E0 /* Release */ = {
			isa = XCBuildConfiguration;
			buildSettings = {
				ASSETCATALOG_COMPILER_APPICON_NAME = AppIcon;
				ASSETCATALOG_COMPILER_GLOBAL_ACCENT_COLOR_NAME = AccentColor;
				CODE_SIGN_ENTITLEMENTS = LittleDecision/LittleDecision.entitlements;
				CODE_SIGN_STYLE = Automatic;
				CURRENT_PROJECT_VERSION = 1;
				DEBUG_INFORMATION_FORMAT = "dwarf-with-dsym";
				DEVELOPMENT_ASSET_PATHS = "\"LittleDecision/Preview Content\"";
				DEVELOPMENT_TEAM = S3879FFC37;
				ENABLE_APP_SANDBOX = NO;
				ENABLE_PREVIEWS = YES;
				ENABLE_USER_SCRIPT_SANDBOXING = NO;
				GENERATE_INFOPLIST_FILE = YES;
				INFOPLIST_FILE = LittleDecision/Info.plist;
				INFOPLIST_KEY_LSApplicationCategoryType = "public.app-category.entertainment";
				INFOPLIST_KEY_UIApplicationSceneManifest_Generation = YES;
				INFOPLIST_KEY_UIApplicationSupportsIndirectInputEvents = YES;
				INFOPLIST_KEY_UILaunchScreen_Generation = YES;
				INFOPLIST_KEY_UIRequiresFullScreen = YES;
				INFOPLIST_KEY_UISupportedInterfaceOrientations = UIInterfaceOrientationPortrait;
				INFOPLIST_KEY_UISupportedInterfaceOrientations_iPad = UIInterfaceOrientationPortrait;
				LD_RUNPATH_SEARCH_PATHS = (
					"$(inherited)",
					"@executable_path/Frameworks",
				);
				MARKETING_VERSION = 1.7;
				PRODUCT_BUNDLE_IDENTIFIER = top.lemonapp.LittleDecision;
				PRODUCT_NAME = "$(TARGET_NAME)";
				SUPPORTED_PLATFORMS = "iphoneos iphonesimulator";
				SUPPORTS_MACCATALYST = NO;
				SUPPORTS_MAC_DESIGNED_FOR_IPHONE_IPAD = NO;
				SUPPORTS_XR_DESIGNED_FOR_IPHONE_IPAD = NO;
				SWIFT_EMIT_LOC_STRINGS = YES;
				SWIFT_VERSION = 5.0;
				TARGETED_DEVICE_FAMILY = "1,2";
			};
			name = Release;
		};
/* End XCBuildConfiguration section */

/* Begin XCConfigurationList section */
		27FCEF9E2BBC6DAF002518E0 /* Build configuration list for PBXProject "LittleDecision" */ = {
			isa = XCConfigurationList;
			buildConfigurations = (
				27FCEFC72BBC6DB1002518E0 /* Debug */,
				27FCEFC82BBC6DB1002518E0 /* Release */,
			);
			defaultConfigurationIsVisible = 0;
			defaultConfigurationName = Release;
		};
		27FCEFC92BBC6DB1002518E0 /* Build configuration list for PBXNativeTarget "LittleDecision" */ = {
			isa = XCConfigurationList;
			buildConfigurations = (
				27FCEFCA2BBC6DB1002518E0 /* Debug */,
				27FCEFCB2BBC6DB1002518E0 /* Release */,
			);
			defaultConfigurationIsVisible = 0;
			defaultConfigurationName = Release;
		};
/* End XCConfigurationList section */

/* Begin XCRemoteSwiftPackageReference section */
		8D1931E82C6BAA7B00F9D2A4 /* XCRemoteSwiftPackageReference "LemonViews" */ = {
			isa = XCRemoteSwiftPackageReference;
			repositoryURL = "https://github.com/ailu2533/LemonViews.git";
			requirement = {
				branch = main;
				kind = branch;
			};
		};
		8D1931EB2C6BB12D00F9D2A4 /* XCRemoteSwiftPackageReference "Defaults" */ = {
			isa = XCRemoteSwiftPackageReference;
			repositoryURL = "https://github.com/sindresorhus/Defaults.git";
			requirement = {
				branch = main;
				kind = branch;
			};
		};
		8D66ED052C7B5BA4003557C2 /* XCRemoteSwiftPackageReference "Subsonic" */ = {
			isa = XCRemoteSwiftPackageReference;
			repositoryURL = "https://github.com/twostraws/Subsonic.git";
			requirement = {
				kind = upToNextMajorVersion;
				minimumVersion = 0.2.0;
			};
		};
		8D8109A12CABFDAF000FB1FB /* XCRemoteSwiftPackageReference "SpinWheel" */ = {
			isa = XCRemoteSwiftPackageReference;
			repositoryURL = "https://github.com/ailu2533/SpinWheel.git";
			requirement = {
				branch = main;
				kind = branch;
			};
		};
		8D8109A22CABFDE5000FB1FB /* XCRemoteSwiftPackageReference "SwiftUIX" */ = {
			isa = XCRemoteSwiftPackageReference;
			repositoryURL = "https://github.com/SwiftUIX/SwiftUIX.git";
			requirement = {
				kind = upToNextMajorVersion;
				minimumVersion = 0.2.2;
			};
		};
		8DDB81FC2C81C71B005152BE /* XCRemoteSwiftPackageReference "purchases-ios" */ = {
			isa = XCRemoteSwiftPackageReference;
			repositoryURL = "https://github.com/RevenueCat/purchases-ios.git";
			requirement = {
				kind = upToNextMajorVersion;
				minimumVersion = 5.3.0;
			};
		};
		8DE2A4C42C8C692B002BC37F /* XCRemoteSwiftPackageReference "HorizontalPicker" */ = {
			isa = XCRemoteSwiftPackageReference;
			repositoryURL = "https://github.com/ailu2533/HorizontalPicker.git";
			requirement = {
				branch = main;
				kind = branch;
			};
		};
		9318866BACC941ACA07F80F0 /* XCRemoteSwiftPackageReference "sentry-cocoa" */ = {
			isa = XCRemoteSwiftPackageReference;
			repositoryURL = "https://github.com/getsentry/sentry-cocoa/";
			requirement = {
				kind = upToNextMajorVersion;
				minimumVersion = 8.0.0;
			};
		};
/* End XCRemoteSwiftPackageReference section */

/* Begin XCSwiftPackageProductDependency section */
		00333968733A48FD9F279F4F /* Sentry */ = {
			isa = XCSwiftPackageProductDependency;
			package = 9318866BACC941ACA07F80F0 /* XCRemoteSwiftPackageReference "sentry-cocoa" */;
			productName = Sentry;
		};
		8D1931E92C6BAA7B00F9D2A4 /* LemonViews */ = {
			isa = XCSwiftPackageProductDependency;
			package = 8D1931E82C6BAA7B00F9D2A4 /* XCRemoteSwiftPackageReference "LemonViews" */;
			productName = LemonViews;
		};
		8D1931EC2C6BB12D00F9D2A4 /* Defaults */ = {
			isa = XCSwiftPackageProductDependency;
			package = 8D1931EB2C6BB12D00F9D2A4 /* XCRemoteSwiftPackageReference "Defaults" */;
			productName = Defaults;
		};
		8D66ED062C7B5BA4003557C2 /* Subsonic */ = {
			isa = XCSwiftPackageProductDependency;
			package = 8D66ED052C7B5BA4003557C2 /* XCRemoteSwiftPackageReference "Subsonic" */;
			productName = Subsonic;
		};
		8D8109A32CABFDE5000FB1FB /* SwiftUIX */ = {
			isa = XCSwiftPackageProductDependency;
			package = 8D8109A22CABFDE5000FB1FB /* XCRemoteSwiftPackageReference "SwiftUIX" */;
			productName = SwiftUIX;
		};
		8DC1AC712C98668800BB3645 /* SpinWheel */ = {
			isa = XCSwiftPackageProductDependency;
			productName = SpinWheel;
		};
		8DDB81FD2C81C71B005152BE /* RevenueCat */ = {
			isa = XCSwiftPackageProductDependency;
			package = 8DDB81FC2C81C71B005152BE /* XCRemoteSwiftPackageReference "purchases-ios" */;
			productName = RevenueCat;
		};
		8DDB81FF2C81C71B005152BE /* RevenueCatUI */ = {
			isa = XCSwiftPackageProductDependency;
			package = 8DDB81FC2C81C71B005152BE /* XCRemoteSwiftPackageReference "purchases-ios" */;
			productName = RevenueCatUI;
		};
		8DE2A4C52C8C692B002BC37F /* HorizontalPicker */ = {
			isa = XCSwiftPackageProductDependency;
			package = 8DE2A4C42C8C692B002BC37F /* XCRemoteSwiftPackageReference "HorizontalPicker" */;
			productName = HorizontalPicker;
		};
/* End XCSwiftPackageProductDependency section */
	};
	rootObject = 27FCEF9B2BBC6DAF002518E0 /* Project object */;
}
